// !$*UTF8*$!
{
	archiveVersion = 1;
	classes = {
	};
	objectVersion = 46;
	objects = {

/* Begin PBXBuildFile section */
		598C10E894B15C84DD03349A /* Typealiases.swift in Sources */ = {isa = PBXBuildFile; fileRef = FB794108B8D590687EA7E068 /* Typealiases.swift */; };
		8AC4AE8BF40A55ED2E94472F /* Extra.swift in Sources */ = {isa = PBXBuildFile; fileRef = B288EC9A616CA42E3745D25F /* Extra.swift */; };
		9064DA4E5A68FB24F3675713 /* Main.swift in Sources */ = {isa = PBXBuildFile; fileRef = A8387BBD6C3AFE54C253ADCE /* Main.swift */; };
		9405ADAA1E7DEF9C001A410D /* MKHRequirementTests.swift in Sources */ = {isa = PBXBuildFile; fileRef = 9405ADA91E7DEF9C001A410D /* MKHRequirementTests.swift */; };
		9405ADAC1E7DEF9C001A410D /* MKHRequirement.framework in Frameworks */ = {isa = PBXBuildFile; fileRef = 3468D35FAA8BBEA81CEA94A6 /* MKHRequirement.framework */; };
		C76D07598A67DC5C2B86C1DD /* Errors.swift in Sources */ = {isa = PBXBuildFile; fileRef = 06BD42CBEEA0C9A30BF13FC6 /* Errors.swift */; };
		DFE33110E24344D80C5E065C /* Requirement.swift in Sources */ = {isa = PBXBuildFile; fileRef = C6D612FDB3F049B5DF208473 /* Requirement.swift */; };
		EC58BECB8D7A48B28AC36E66 /* Foundation.framework in Frameworks */ = {isa = PBXBuildFile; fileRef = 7574E0789257C7FC1727D68D /* Foundation.framework */; };
		ED01568BB9AAD99AD4CFBC73 /* MKHRequirement.framework in Frameworks */ = {isa = PBXBuildFile; fileRef = 3468D35FAA8BBEA81CEA94A6 /* MKHRequirement.framework */; };
		F9CC0263F9D5F7A6090EF448 /* Foundation.framework in Frameworks */ = {isa = PBXBuildFile; fileRef = 7574E0789257C7FC1727D68D /* Foundation.framework */; };
/* End PBXBuildFile section */

/* Begin PBXContainerItemProxy section */
		9405ADAD1E7DEF9C001A410D /* PBXContainerItemProxy */ = {
			isa = PBXContainerItemProxy;
			containerPortal = FF9F1211178D7FDA1533A9E8 /* Project object */;
			proxyType = 1;
			remoteGlobalIDString = 2D4CD6FCD8E8928B726459F7;
			remoteInfo = MKHRequirement;
		};
		A570DF17E3CDA802001CC5C1 /* PBXContainerItemProxy */ = {
			isa = PBXContainerItemProxy;
			containerPortal = FF9F1211178D7FDA1533A9E8 /* Project object */;
			proxyType = 1;
			remoteGlobalIDString = 2D4CD6FCD8E8928B726459F7;
			remoteInfo = MKHRequirement;
		};
/* End PBXContainerItemProxy section */

/* Begin PBXCopyFilesBuildPhase section */
		3F13749CE2ADF04BAA2EACD5 /* Embed Frameworks */ = {
			isa = PBXCopyFilesBuildPhase;
			buildActionMask = 2147483647;
			dstPath = "";
			dstSubfolderSpec = 10;
			files = (
			);
			name = "Embed Frameworks";
			runOnlyForDeploymentPostprocessing = 0;
		};
		6C40A950E33111765D0E444A /* Embed Frameworks */ = {
			isa = PBXCopyFilesBuildPhase;
			buildActionMask = 2147483647;
			dstPath = "";
			dstSubfolderSpec = 10;
			files = (
			);
			name = "Embed Frameworks";
			runOnlyForDeploymentPostprocessing = 0;
		};
/* End PBXCopyFilesBuildPhase section */

/* Begin PBXFileReference section */
		06BD42CBEEA0C9A30BF13FC6 /* Errors.swift */ = {isa = PBXFileReference; includeInIndex = 1; lastKnownFileType = sourcecode.swift; path = Errors.swift; sourceTree = "<group>"; };
		3468D35FAA8BBEA81CEA94A6 /* MKHRequirement.framework */ = {isa = PBXFileReference; explicitFileType = wrapper.framework; includeInIndex = 0; path = MKHRequirement.framework; sourceTree = BUILT_PRODUCTS_DIR; };
		7574E0789257C7FC1727D68D /* Foundation.framework */ = {isa = PBXFileReference; lastKnownFileType = wrapper.framework; name = Foundation.framework; path = Platforms/iPhoneOS.platform/Developer/SDKs/iPhoneOS10.0.sdk/System/Library/Frameworks/Foundation.framework; sourceTree = DEVELOPER_DIR; };
		82514556A49DF8BA1EC439EA /* Tests.xctest */ = {isa = PBXFileReference; explicitFileType = wrapper.cfbundle; includeInIndex = 0; path = Tests.xctest; sourceTree = BUILT_PRODUCTS_DIR; };
		9405ADA71E7DEF9C001A410D /* MKHRequirementTests.xctest */ = {isa = PBXFileReference; explicitFileType = wrapper.cfbundle; includeInIndex = 0; path = MKHRequirementTests.xctest; sourceTree = BUILT_PRODUCTS_DIR; };
		9405ADA91E7DEF9C001A410D /* MKHRequirementTests.swift */ = {isa = PBXFileReference; lastKnownFileType = sourcecode.swift; path = MKHRequirementTests.swift; sourceTree = "<group>"; };
		9405ADAB1E7DEF9C001A410D /* Info.plist */ = {isa = PBXFileReference; lastKnownFileType = text.plist.xml; path = Info.plist; sourceTree = "<group>"; };
		A8387BBD6C3AFE54C253ADCE /* Main.swift */ = {isa = PBXFileReference; includeInIndex = 1; lastKnownFileType = sourcecode.swift; path = Main.swift; sourceTree = "<group>"; };
		B288EC9A616CA42E3745D25F /* Extra.swift */ = {isa = PBXFileReference; includeInIndex = 1; lastKnownFileType = sourcecode.swift; path = Extra.swift; sourceTree = "<group>"; };
		C6D612FDB3F049B5DF208473 /* Requirement.swift */ = {isa = PBXFileReference; includeInIndex = 1; lastKnownFileType = sourcecode.swift; path = Requirement.swift; sourceTree = "<group>"; };
		FB794108B8D590687EA7E068 /* Typealiases.swift */ = {isa = PBXFileReference; includeInIndex = 1; lastKnownFileType = sourcecode.swift; path = Typealiases.swift; sourceTree = "<group>"; };
/* End PBXFileReference section */

/* Begin PBXFrameworksBuildPhase section */
		15445B202703D0BFAC0662AE /* Frameworks */ = {
			isa = PBXFrameworksBuildPhase;
			buildActionMask = 2147483647;
			files = (
				F9CC0263F9D5F7A6090EF448 /* Foundation.framework in Frameworks */,
				ED01568BB9AAD99AD4CFBC73 /* MKHRequirement.framework in Frameworks */,
			);
			runOnlyForDeploymentPostprocessing = 0;
		};
		5ECBD5D1C1B1605A4CBECBB7 /* Frameworks */ = {
			isa = PBXFrameworksBuildPhase;
			buildActionMask = 2147483647;
			files = (
				EC58BECB8D7A48B28AC36E66 /* Foundation.framework in Frameworks */,
			);
			runOnlyForDeploymentPostprocessing = 0;
		};
		9405ADA41E7DEF9C001A410D /* Frameworks */ = {
			isa = PBXFrameworksBuildPhase;
			buildActionMask = 2147483647;
			files = (
				9405ADAC1E7DEF9C001A410D /* MKHRequirement.framework in Frameworks */,
			);
			runOnlyForDeploymentPostprocessing = 0;
		};
/* End PBXFrameworksBuildPhase section */

/* Begin PBXGroup section */
		31EBA2E7A75F54E3147B94B5 /* iOS */ = {
			isa = PBXGroup;
			children = (
				7574E0789257C7FC1727D68D /* Foundation.framework */,
			);
			name = iOS;
			sourceTree = "<group>";
		};
		3A4819780D64A1820D527FBF /* Src */ = {
			isa = PBXGroup;
			children = (
				06BD42CBEEA0C9A30BF13FC6 /* Errors.swift */,
				B288EC9A616CA42E3745D25F /* Extra.swift */,
				C6D612FDB3F049B5DF208473 /* Requirement.swift */,
				FB794108B8D590687EA7E068 /* Typealiases.swift */,
			);
			path = Src;
			sourceTree = SOURCE_ROOT;
		};
		4043906CE133FA2D4A5CD9D1 /* $subproj */ = {
			isa = PBXGroup;
			children = (
			);
			name = $subproj;
			sourceTree = "<group>";
		};
		48AA10302E0A83227243B94F /* $local */ = {
			isa = PBXGroup;
			children = (
			);
			name = $local;
			sourceTree = "<group>";
		};
		522ABFD4805A9856B553CFEB /* Frameworks */ = {
			isa = PBXGroup;
			children = (
				31EBA2E7A75F54E3147B94B5 /* iOS */,
				4043906CE133FA2D4A5CD9D1 /* $subproj */,
				48AA10302E0A83227243B94F /* $local */,
			);
			name = Frameworks;
			sourceTree = "<group>";
		};
		592CE3802CAA66367CFE4907 /* Products */ = {
			isa = PBXGroup;
			children = (
				3468D35FAA8BBEA81CEA94A6 /* MKHRequirement.framework */,
				82514556A49DF8BA1EC439EA /* Tests.xctest */,
				9405ADA71E7DEF9C001A410D /* MKHRequirementTests.xctest */,
			);
			name = Products;
			sourceTree = "<group>";
		};
		9405ADA81E7DEF9C001A410D /* MKHRequirementTests */ = {
			isa = PBXGroup;
			children = (
				9405ADA91E7DEF9C001A410D /* MKHRequirementTests.swift */,
				9405ADAB1E7DEF9C001A410D /* Info.plist */,
			);
			path = MKHRequirementTests;
			sourceTree = "<group>";
		};
		95E687A3A95A5E176FA0EBED = {
			isa = PBXGroup;
			children = (
				9405ADA81E7DEF9C001A410D /* MKHRequirementTests */,
				592CE3802CAA66367CFE4907 /* Products */,
				522ABFD4805A9856B553CFEB /* Frameworks */,
				3A4819780D64A1820D527FBF /* Src */,
				F5F0ACED0C8CC6508430DC2C /* Tst */,
			);
			sourceTree = "<group>";
		};
		F5F0ACED0C8CC6508430DC2C /* Tst */ = {
			isa = PBXGroup;
			children = (
				A8387BBD6C3AFE54C253ADCE /* Main.swift */,
			);
			path = Tst;
			sourceTree = SOURCE_ROOT;
		};
/* End PBXGroup section */

/* Begin PBXNativeTarget section */
		2D4CD6FCD8E8928B726459F7 /* MKHRequirement */ = {
			isa = PBXNativeTarget;
			buildConfigurationList = CD5E0AFCCBD0EFB3E744A49D /* Build configuration list for PBXNativeTarget "MKHRequirement" */;
			buildPhases = (
				7A3D75F9A3993F467EB67F69 /* Sources */,
				5ECBD5D1C1B1605A4CBECBB7 /* Frameworks */,
				6C40A950E33111765D0E444A /* Embed Frameworks */,
			);
			buildRules = (
			);
			dependencies = (
			);
			name = MKHRequirement;
			productName = MKHRequirement;
			productReference = 3468D35FAA8BBEA81CEA94A6 /* MKHRequirement.framework */;
			productType = "com.apple.product-type.framework";
		};
		67CF529600776E1539A556F2 /* Tests */ = {
			isa = PBXNativeTarget;
			buildConfigurationList = 77EC730730621D370B5B1FA9 /* Build configuration list for PBXNativeTarget "Tests" */;
			buildPhases = (
				65CD8665CF53D314ECAB718E /* Sources */,
				15445B202703D0BFAC0662AE /* Frameworks */,
				3F13749CE2ADF04BAA2EACD5 /* Embed Frameworks */,
			);
			buildRules = (
			);
			dependencies = (
				F3F1518E7197DDAA06217377 /* PBXTargetDependency */,
			);
			name = Tests;
			productName = Tests;
			productReference = 82514556A49DF8BA1EC439EA /* Tests.xctest */;
			productType = "com.apple.product-type.bundle.unit-test";
		};
		9405ADA61E7DEF9C001A410D /* MKHRequirementTests */ = {
			isa = PBXNativeTarget;
			buildConfigurationList = 9405ADAF1E7DEF9C001A410D /* Build configuration list for PBXNativeTarget "MKHRequirementTests" */;
			buildPhases = (
				9405ADA31E7DEF9C001A410D /* Sources */,
				9405ADA41E7DEF9C001A410D /* Frameworks */,
				9405ADA51E7DEF9C001A410D /* Resources */,
			);
			buildRules = (
			);
			dependencies = (
				9405ADAE1E7DEF9C001A410D /* PBXTargetDependency */,
			);
			name = MKHRequirementTests;
			productName = MKHRequirementTests;
			productReference = 9405ADA71E7DEF9C001A410D /* MKHRequirementTests.xctest */;
			productType = "com.apple.product-type.bundle.unit-test";
		};
/* End PBXNativeTarget section */

/* Begin PBXProject section */
		FF9F1211178D7FDA1533A9E8 /* Project object */ = {
			isa = PBXProject;
			attributes = {
				LastSwiftUpdateCheck = 0820;
				LastUpgradeCheck = 0700;
				TargetAttributes = {
					2D4CD6FCD8E8928B726459F7 = {
						DevelopmentTeam = UJA88X59XP;
					};
					67CF529600776E1539A556F2 = {
						DevelopmentTeam = UJA88X59XP;
					};
					9405ADA61E7DEF9C001A410D = {
						CreatedOnToolsVersion = 8.2.1;
						DevelopmentTeam = UJA88X59XP;
						ProvisioningStyle = Automatic;
					};
				};
			};
			buildConfigurationList = 59B999B21243929801243220 /* Build configuration list for PBXProject "main" */;
			compatibilityVersion = "Xcode 3.2";
			developmentRegion = English;
			hasScannedForEncodings = 0;
			knownRegions = (
				en,
			);
			mainGroup = 95E687A3A95A5E176FA0EBED;
			productRefGroup = 592CE3802CAA66367CFE4907 /* Products */;
			projectDirPath = "";
			projectRoot = "";
			targets = (
				2D4CD6FCD8E8928B726459F7 /* MKHRequirement */,
				67CF529600776E1539A556F2 /* Tests */,
				9405ADA61E7DEF9C001A410D /* MKHRequirementTests */,
			);
		};
/* End PBXProject section */

/* Begin PBXResourcesBuildPhase section */
		9405ADA51E7DEF9C001A410D /* Resources */ = {
			isa = PBXResourcesBuildPhase;
			buildActionMask = 2147483647;
			files = (
			);
			runOnlyForDeploymentPostprocessing = 0;
		};
/* End PBXResourcesBuildPhase section */

/* Begin PBXSourcesBuildPhase section */
		65CD8665CF53D314ECAB718E /* Sources */ = {
			isa = PBXSourcesBuildPhase;
			buildActionMask = 2147483647;
			files = (
				9064DA4E5A68FB24F3675713 /* Main.swift in Sources */,
			);
			runOnlyForDeploymentPostprocessing = 0;
		};
		7A3D75F9A3993F467EB67F69 /* Sources */ = {
			isa = PBXSourcesBuildPhase;
			buildActionMask = 2147483647;
			files = (
				C76D07598A67DC5C2B86C1DD /* Errors.swift in Sources */,
				8AC4AE8BF40A55ED2E94472F /* Extra.swift in Sources */,
				DFE33110E24344D80C5E065C /* Requirement.swift in Sources */,
				598C10E894B15C84DD03349A /* Typealiases.swift in Sources */,
			);
			runOnlyForDeploymentPostprocessing = 0;
		};
		9405ADA31E7DEF9C001A410D /* Sources */ = {
			isa = PBXSourcesBuildPhase;
			buildActionMask = 2147483647;
			files = (
				9405ADAA1E7DEF9C001A410D /* MKHRequirementTests.swift in Sources */,
			);
			runOnlyForDeploymentPostprocessing = 0;
		};
/* End PBXSourcesBuildPhase section */

/* Begin PBXTargetDependency section */
		9405ADAE1E7DEF9C001A410D /* PBXTargetDependency */ = {
			isa = PBXTargetDependency;
			target = 2D4CD6FCD8E8928B726459F7 /* MKHRequirement */;
			targetProxy = 9405ADAD1E7DEF9C001A410D /* PBXContainerItemProxy */;
		};
		F3F1518E7197DDAA06217377 /* PBXTargetDependency */ = {
			isa = PBXTargetDependency;
			name = MKHRequirement;
			target = 2D4CD6FCD8E8928B726459F7 /* MKHRequirement */;
			targetProxy = A570DF17E3CDA802001CC5C1 /* PBXContainerItemProxy */;
		};
/* End PBXTargetDependency section */

/* Begin XCBuildConfiguration section */
		26DB346257A92DA029167981 /* Release */ = {
			isa = XCBuildConfiguration;
			buildSettings = {
				ALWAYS_SEARCH_USER_PATHS = NO;
				CLANG_ANALYZER_NONNULL = YES;
				CLANG_CXX_LANGUAGE_STANDARD = "gnu++0x";
				CLANG_CXX_LIBRARY = "libc++";
				CLANG_ENABLE_MODULES = YES;
				CLANG_ENABLE_OBJC_ARC = YES;
				CLANG_WARN_BOOL_CONVERSION = YES;
				CLANG_WARN_CONSTANT_CONVERSION = YES;
				CLANG_WARN_DIRECT_OBJC_ISA_USAGE = YES_ERROR;
				CLANG_WARN_DOCUMENTATION_COMMENTS = YES;
				CLANG_WARN_EMPTY_BODY = YES;
				CLANG_WARN_ENUM_CONVERSION = YES;
				CLANG_WARN_INFINITE_RECURSION = YES;
				CLANG_WARN_INT_CONVERSION = YES;
				CLANG_WARN_OBJC_ROOT_CLASS = YES_ERROR;
				CLANG_WARN_SUSPICIOUS_MOVE = YES;
				CLANG_WARN_SUSPICIOUS_MOVES = YES;
				CLANG_WARN_UNREACHABLE_CODE = YES;
				CLANG_WARN__DUPLICATE_METHOD_MATCH = YES;
				CODE_SIGN_IDENTITY = "-";
				"CODE_SIGN_IDENTITY[sdk=iphoneos*]" = "iPhone Developer";
				COPY_PHASE_STRIP = NO;
				DEBUG_INFORMATION_FORMAT = "dwarf-with-dsym";
				DEVELOPMENT_TEAM = UJA88X59XP;
				ENABLE_NS_ASSERTIONS = NO;
				ENABLE_STRICT_OBJC_MSGSEND = YES;
				GCC_C_LANGUAGE_STANDARD = gnu99;
				GCC_NO_COMMON_BLOCKS = YES;
				GCC_WARN_64_TO_32_BIT_CONVERSION = YES;
				GCC_WARN_ABOUT_RETURN_TYPE = YES_ERROR;
				GCC_WARN_UNDECLARED_SELECTOR = YES;
				GCC_WARN_UNINITIALIZED_AUTOS = YES_AGGRESSIVE;
				GCC_WARN_UNUSED_FUNCTION = YES;
				GCC_WARN_UNUSED_VARIABLE = YES;
				IPHONEOS_DEPLOYMENT_TARGET = 8.0;
				SWIFT_OPTIMIZATION_LEVEL = "-Owholemodule";
				SWIFT_VERSION = 3.0;
				VALIDATE_PRODUCT = YES;
				VERSIONING_SYSTEM = "apple-generic";
			};
			name = Release;
		};
		8FC07B2858D5764906C4A301 /* Debug */ = {
			isa = XCBuildConfiguration;
			buildSettings = {
				ALWAYS_SEARCH_USER_PATHS = NO;
				CLANG_ANALYZER_NONNULL = YES;
				CLANG_CXX_LANGUAGE_STANDARD = "gnu++0x";
				CLANG_CXX_LIBRARY = "libc++";
				CLANG_ENABLE_MODULES = YES;
				CLANG_ENABLE_OBJC_ARC = YES;
				CLANG_WARN_BOOL_CONVERSION = YES;
				CLANG_WARN_CONSTANT_CONVERSION = YES;
				CLANG_WARN_DIRECT_OBJC_ISA_USAGE = YES_ERROR;
				CLANG_WARN_DOCUMENTATION_COMMENTS = YES;
				CLANG_WARN_EMPTY_BODY = YES;
				CLANG_WARN_ENUM_CONVERSION = YES;
				CLANG_WARN_INFINITE_RECURSION = YES;
				CLANG_WARN_INT_CONVERSION = YES;
				CLANG_WARN_OBJC_ROOT_CLASS = YES_ERROR;
				CLANG_WARN_SUSPICIOUS_MOVE = YES;
				CLANG_WARN_SUSPICIOUS_MOVES = YES;
				CLANG_WARN_UNREACHABLE_CODE = YES;
				CLANG_WARN__DUPLICATE_METHOD_MATCH = YES;
				CODE_SIGN_IDENTITY = "-";
				"CODE_SIGN_IDENTITY[sdk=iphoneos*]" = "iPhone Developer";
				COPY_PHASE_STRIP = NO;
				DEBUG_INFORMATION_FORMAT = dwarf;
				DEVELOPMENT_TEAM = UJA88X59XP;
				ENABLE_STRICT_OBJC_MSGSEND = YES;
				ENABLE_TESTABILITY = YES;
				GCC_C_LANGUAGE_STANDARD = gnu99;
				GCC_DYNAMIC_NO_PIC = NO;
				GCC_NO_COMMON_BLOCKS = YES;
				GCC_OPTIMIZATION_LEVEL = 0;
				GCC_PREPROCESSOR_DEFINITIONS = (
					"DEBUG=1",
					"$(inherited)",
				);
				GCC_WARN_64_TO_32_BIT_CONVERSION = YES;
				GCC_WARN_ABOUT_RETURN_TYPE = YES_ERROR;
				GCC_WARN_UNDECLARED_SELECTOR = YES;
				GCC_WARN_UNINITIALIZED_AUTOS = YES_AGGRESSIVE;
				GCC_WARN_UNUSED_FUNCTION = YES;
				GCC_WARN_UNUSED_VARIABLE = YES;
				IPHONEOS_DEPLOYMENT_TARGET = 8.0;
				ONLY_ACTIVE_ARCH = YES;
				SWIFT_ACTIVE_COMPILATION_CONDITIONS = DEBUG;
				SWIFT_OPTIMIZATION_LEVEL = "-Onone";
				SWIFT_VERSION = 3.0;
				VERSIONING_SYSTEM = "apple-generic";
			};
			name = Debug;
		};
		9405ADB01E7DEF9C001A410D /* Debug */ = {
			isa = XCBuildConfiguration;
			buildSettings = {
				DEVELOPMENT_TEAM = UJA88X59XP;
				INFOPLIST_FILE = MKHRequirementTests/Info.plist;
				IPHONEOS_DEPLOYMENT_TARGET = 10.2;
				LD_RUNPATH_SEARCH_PATHS = "$(inherited) @executable_path/Frameworks @loader_path/Frameworks";
				MTL_ENABLE_DEBUG_INFO = YES;
				PRODUCT_BUNDLE_IDENTIFIER = maxim.khatskevich.MKHRequirementTests;
				PRODUCT_NAME = "$(TARGET_NAME)";
				SDKROOT = iphoneos;
				SWIFT_VERSION = 3.0;
			};
			name = Debug;
		};
		9405ADB11E7DEF9C001A410D /* Release */ = {
			isa = XCBuildConfiguration;
			buildSettings = {
				DEVELOPMENT_TEAM = UJA88X59XP;
				INFOPLIST_FILE = MKHRequirementTests/Info.plist;
				IPHONEOS_DEPLOYMENT_TARGET = 10.2;
				LD_RUNPATH_SEARCH_PATHS = "$(inherited) @executable_path/Frameworks @loader_path/Frameworks";
				MTL_ENABLE_DEBUG_INFO = NO;
				PRODUCT_BUNDLE_IDENTIFIER = maxim.khatskevich.MKHRequirementTests;
				PRODUCT_NAME = "$(TARGET_NAME)";
				SDKROOT = iphoneos;
				SWIFT_VERSION = 3.0;
			};
			name = Release;
		};
		CF57E6FC363A76039CCBDB37 /* Release */ = {
			isa = XCBuildConfiguration;
			buildSettings = {
				ALWAYS_EMBED_SWIFT_STANDARD_LIBRARIES = YES;
				FRAMEWORK_SEARCH_PATHS = (
					"$(inherited)",
					"$(BUILT_PRODUCTS_DIR)",
				);
				INFOPLIST_FILE = Info/Tst.plist;
				LD_RUNPATH_SEARCH_PATHS = "$(inherited) @executable_path/Frameworks";
				PRODUCT_BUNDLE_IDENTIFIER = khatskevich.maxim.MKHRequirement.Tst;
				PRODUCT_NAME = "$(TARGET_NAME)";
				SDKROOT = iphoneos;
				SWIFT_VERSION = 3.0;
			};
			name = Release;
		};
		DEE9ED1CE2DA0AFE9E76A090 /* Debug */ = {
			isa = XCBuildConfiguration;
			buildSettings = {
				ALWAYS_EMBED_SWIFT_STANDARD_LIBRARIES = YES;
				CURRENT_PROJECT_VERSION = 1;
				DEFINES_MODULE = NO;
				ENABLE_TESTABILITY = YES;
				INFOPLIST_FILE = Info/Fwk.plist;
				INSTALL_PATH = "$(LOCAL_LIBRARY_DIR)/Frameworks";
				IPHONEOS_DEPLOYMENT_TARGET = 8.0;
				LD_RUNPATH_SEARCH_PATHS = "$(inherited) @executable_path/Frameworks";
				PRODUCT_BUNDLE_IDENTIFIER = khatskevich.maxim.MKHRequirement;
				PRODUCT_NAME = "$(TARGET_NAME)";
				SDKROOT = iphoneos;
				SKIP_INSTALL = YES;
				SWIFT_VERSION = 3.0;
				TARGETED_DEVICE_FAMILY = "1,2";
				VERSIONING_SYSTEM = "apple-generic";
				VERSION_INFO_PREFIX = "";
			};
			name = Debug;
		};
		E3E56571013AA12E245D3C82 /* Release */ = {
			isa = XCBuildConfiguration;
			buildSettings = {
				ALWAYS_EMBED_SWIFT_STANDARD_LIBRARIES = YES;
				CURRENT_PROJECT_VERSION = 1;
				DEFINES_MODULE = NO;
				ENABLE_TESTABILITY = YES;
				INFOPLIST_FILE = Info/Fwk.plist;
				INSTALL_PATH = "$(LOCAL_LIBRARY_DIR)/Frameworks";
				IPHONEOS_DEPLOYMENT_TARGET = 8.0;
				LD_RUNPATH_SEARCH_PATHS = "$(inherited) @executable_path/Frameworks";
				PRODUCT_BUNDLE_IDENTIFIER = khatskevich.maxim.MKHRequirement;
				PRODUCT_NAME = "$(TARGET_NAME)";
				SDKROOT = iphoneos;
				SKIP_INSTALL = YES;
				SWIFT_VERSION = 3.0;
				TARGETED_DEVICE_FAMILY = "1,2";
				VERSIONING_SYSTEM = "apple-generic";
				VERSION_INFO_PREFIX = "";
			};
			name = Release;
		};
		FF31FDA9B63B562511B56A95 /* Debug */ = {
			isa = XCBuildConfiguration;
			buildSettings = {
				ALWAYS_EMBED_SWIFT_STANDARD_LIBRARIES = YES;
				FRAMEWORK_SEARCH_PATHS = (
					"$(inherited)",
					"$(BUILT_PRODUCTS_DIR)",
				);
				INFOPLIST_FILE = Info/Tst.plist;
				LD_RUNPATH_SEARCH_PATHS = "$(inherited) @executable_path/Frameworks";
				PRODUCT_BUNDLE_IDENTIFIER = khatskevich.maxim.MKHRequirement.Tst;
				PRODUCT_NAME = "$(TARGET_NAME)";
				SDKROOT = iphoneos;
				SWIFT_VERSION = 3.0;
			};
			name = Debug;
		};
/* End XCBuildConfiguration section */

/* Begin XCConfigurationList section */
		59B999B21243929801243220 /* Build configuration list for PBXProject "main" */ = {
			isa = XCConfigurationList;
			buildConfigurations = (
				8FC07B2858D5764906C4A301 /* Debug */,
				26DB346257A92DA029167981 /* Release */,
			);
			defaultConfigurationIsVisible = 0;
			defaultConfigurationName = Debug;
		};
		77EC730730621D370B5B1FA9 /* Build configuration list for PBXNativeTarget "Tests" */ = {
			isa = XCConfigurationList;
			buildConfigurations = (
				FF31FDA9B63B562511B56A95 /* Debug */,
				CF57E6FC363A76039CCBDB37 /* Release */,
			);
			defaultConfigurationIsVisible = 0;
			defaultConfigurationName = Release;
		};
		9405ADAF1E7DEF9C001A410D /* Build configuration list for PBXNativeTarget "MKHRequirementTests" */ = {
			isa = XCConfigurationList;
			buildConfigurations = (
				9405ADB01E7DEF9C001A410D /* Debug */,
				9405ADB11E7DEF9C001A410D /* Release */,
			);
			defaultConfigurationIsVisible = 0;
		};
		CD5E0AFCCBD0EFB3E744A49D /* Build configuration list for PBXNativeTarget "MKHRequirement" */ = {
			isa = XCConfigurationList;
			buildConfigurations = (
				DEE9ED1CE2DA0AFE9E76A090 /* Debug */,
				E3E56571013AA12E245D3C82 /* Release */,
			);
			defaultConfigurationIsVisible = 0;
			defaultConfigurationName = Release;
		};
/* End XCConfigurationList section */
	};
	rootObject = FF9F1211178D7FDA1533A9E8 /* Project object */;
}
