// !$*UTF8*$!
{
	archiveVersion = 1;
	classes = {
	};
	objectVersion = 46;
	objects = {

/* Begin PBXBuildFile section */
		1873BFA7B8C68F0AF3D7D184 /* Foundation.framework in Frameworks */ = {isa = PBXBuildFile; fileRef = 84BB7C7E956B9801BD726B08 /* Foundation.framework */; };
		9490B4801F5B96A3002C96AE /* Requirement.swift in Sources */ = {isa = PBXBuildFile; fileRef = 9490B47F1F5B96A3002C96AE /* Requirement.swift */; };
		D6502E8151FAA7C02E08E2F9 /* Foundation.framework in Frameworks */ = {isa = PBXBuildFile; fileRef = 84BB7C7E956B9801BD726B08 /* Foundation.framework */; };
		E13890D442F1AE026D83E058 /* Main.swift in Sources */ = {isa = PBXBuildFile; fileRef = 9D51F264DE4996AFEABCBD7A /* Main.swift */; };
/* End PBXBuildFile section */

/* Begin PBXContainerItemProxy section */
		717524C17A89DFAFFDBF50F8 /* PBXContainerItemProxy */ = {
			isa = PBXContainerItemProxy;
			containerPortal = 389870B49E830551C7DC48A4 /* Project object */;
			proxyType = 1;
			remoteGlobalIDString = 61F3C8582288CDF155FF3A15;
			remoteInfo = Fwk;
		};
/* End PBXContainerItemProxy section */

/* Begin PBXCopyFilesBuildPhase section */
		B4577E538E7DA4981DA9E6DB /* Embed Frameworks */ = {
			isa = PBXCopyFilesBuildPhase;
			buildActionMask = 2147483647;
			dstPath = "";
			dstSubfolderSpec = 10;
			files = (
			);
			name = "Embed Frameworks";
			runOnlyForDeploymentPostprocessing = 0;
		};
		F4B1C0F2CAAE77FDDC283B6E /* Embed Frameworks */ = {
			isa = PBXCopyFilesBuildPhase;
			buildActionMask = 2147483647;
			dstPath = "";
			dstSubfolderSpec = 10;
			files = (
			);
			name = "Embed Frameworks";
			runOnlyForDeploymentPostprocessing = 0;
		};
/* End PBXCopyFilesBuildPhase section */

/* Begin PBXFileReference section */
		35D0A6E044EA3029BC4631DC /* Fwk.framework */ = {isa = PBXFileReference; explicitFileType = wrapper.framework; includeInIndex = 0; name = Fwk.framework; path = XCERequirement.framework; sourceTree = BUILT_PRODUCTS_DIR; };
		84BB7C7E956B9801BD726B08 /* Foundation.framework */ = {isa = PBXFileReference; lastKnownFileType = wrapper.framework; name = Foundation.framework; path = Platforms/iPhoneOS.platform/Developer/SDKs/iPhoneOS10.3.sdk/System/Library/Frameworks/Foundation.framework; sourceTree = DEVELOPER_DIR; };
		9490B47F1F5B96A3002C96AE /* Requirement.swift */ = {isa = PBXFileReference; fileEncoding = 4; lastKnownFileType = sourcecode.swift; path = Requirement.swift; sourceTree = "<group>"; };
		9D51F264DE4996AFEABCBD7A /* Main.swift */ = {isa = PBXFileReference; includeInIndex = 1; lastKnownFileType = sourcecode.swift; path = Main.swift; sourceTree = "<group>"; };
		C5A913207DADA47EDF13E2AB /* Tests.xctest */ = {isa = PBXFileReference; explicitFileType = wrapper.cfbundle; includeInIndex = 0; path = Tests.xctest; sourceTree = BUILT_PRODUCTS_DIR; };
/* End PBXFileReference section */

/* Begin PBXFrameworksBuildPhase section */
		53C007428244A6BD035CB4BB /* Frameworks */ = {
			isa = PBXFrameworksBuildPhase;
			buildActionMask = 2147483647;
			files = (
				1873BFA7B8C68F0AF3D7D184 /* Foundation.framework in Frameworks */,
			);
			runOnlyForDeploymentPostprocessing = 0;
		};
		81737526A43C2DE193FF8DD1 /* Frameworks */ = {
			isa = PBXFrameworksBuildPhase;
			buildActionMask = 2147483647;
			files = (
				D6502E8151FAA7C02E08E2F9 /* Foundation.framework in Frameworks */,
			);
			runOnlyForDeploymentPostprocessing = 0;
		};
/* End PBXFrameworksBuildPhase section */

/* Begin PBXGroup section */
		4A867ED38D8BD1BFA6D2FE34 = {
			isa = PBXGroup;
			children = (
				AF9D645AB2562DFB227795D5 /* Frameworks */,
				8C1AB8C2259316760B27E54A /* Products */,
				9490B47E1F5B96A3002C96AE /* Sources */,
				E3AE93DA96B29122F9619695 /* Tests */,
			);
			sourceTree = "<group>";
		};
		736F1F9E7EBA8EC8CE50A968 /* iOS */ = {
			isa = PBXGroup;
			children = (
				84BB7C7E956B9801BD726B08 /* Foundation.framework */,
			);
			name = iOS;
			sourceTree = "<group>";
		};
		8C1AB8C2259316760B27E54A /* Products */ = {
			isa = PBXGroup;
			children = (
				35D0A6E044EA3029BC4631DC /* Fwk.framework */,
				C5A913207DADA47EDF13E2AB /* Tests.xctest */,
			);
			name = Products;
			sourceTree = "<group>";
		};
		9490B47E1F5B96A3002C96AE /* Sources */ = {
			isa = PBXGroup;
			children = (
				9490B47F1F5B96A3002C96AE /* Requirement.swift */,
			);
			path = Sources;
			sourceTree = "<group>";
		};
		AF9D645AB2562DFB227795D5 /* Frameworks */ = {
			isa = PBXGroup;
			children = (
				E56DA8AC71F23B3DEF6D0352 /* $local */,
				736F1F9E7EBA8EC8CE50A968 /* iOS */,
			);
			name = Frameworks;
			sourceTree = "<group>";
		};
		E3AE93DA96B29122F9619695 /* Tests */ = {
			isa = PBXGroup;
			children = (
				9D51F264DE4996AFEABCBD7A /* Main.swift */,
			);
			path = Tests;
			sourceTree = SOURCE_ROOT;
		};
		E56DA8AC71F23B3DEF6D0352 /* $local */ = {
			isa = PBXGroup;
			children = (
			);
			name = $local;
			sourceTree = "<group>";
		};
/* End PBXGroup section */

/* Begin PBXNativeTarget section */
		61F3C8582288CDF155FF3A15 /* Fwk */ = {
			isa = PBXNativeTarget;
			buildConfigurationList = AD8CB57A5627FB551215A8F1 /* Build configuration list for PBXNativeTarget "Fwk" */;
			buildPhases = (
				993F285581FE1395A1A5B0B6 /* SwiftLint */,
				288E9996E463E6B435C10E83 /* Sources */,
				81737526A43C2DE193FF8DD1 /* Frameworks */,
				F4B1C0F2CAAE77FDDC283B6E /* Embed Frameworks */,
			);
			buildRules = (
			);
			dependencies = (
			);
			name = Fwk;
			productName = Fwk;
			productReference = 35D0A6E044EA3029BC4631DC /* Fwk.framework */;
			productType = "com.apple.product-type.framework";
		};
		EB5144624A3D86848A291D37 /* Tests */ = {
			isa = PBXNativeTarget;
			buildConfigurationList = 20DC7A0467937AE9CC9DF917 /* Build configuration list for PBXNativeTarget "Tests" */;
			buildPhases = (
				9CDAA7E060165A9BD78FFACA /* Sources */,
				53C007428244A6BD035CB4BB /* Frameworks */,
				B4577E538E7DA4981DA9E6DB /* Embed Frameworks */,
			);
			buildRules = (
			);
			dependencies = (
				E8B8BA78B684EFB7B48A5A3E /* PBXTargetDependency */,
			);
			name = Tests;
			productName = Tests;
			productReference = C5A913207DADA47EDF13E2AB /* Tests.xctest */;
			productType = "com.apple.product-type.bundle.unit-test";
		};
/* End PBXNativeTarget section */

/* Begin PBXProject section */
		389870B49E830551C7DC48A4 /* Project object */ = {
			isa = PBXProject;
			attributes = {
				LastSwiftUpdateCheck = 0830;
				LastUpgradeCheck = 0700;
				Struct.Version = 2.1.0;
			};
			buildConfigurationList = F1045D57D73A8BA557CBED5A /* Build configuration list for PBXProject "Main" */;
			compatibilityVersion = "Xcode 3.2";
			developmentRegion = English;
			hasScannedForEncodings = 0;
			knownRegions = (
				en,
			);
			mainGroup = 4A867ED38D8BD1BFA6D2FE34;
			productRefGroup = 8C1AB8C2259316760B27E54A /* Products */;
			projectDirPath = "";
			projectRoot = "";
			targets = (
				61F3C8582288CDF155FF3A15 /* Fwk */,
				EB5144624A3D86848A291D37 /* Tests */,
			);
		};
/* End PBXProject section */

/* Begin PBXShellScriptBuildPhase section */
		993F285581FE1395A1A5B0B6 /* SwiftLint */ = {
			isa = PBXShellScriptBuildPhase;
			buildActionMask = 2147483647;
			files = (
			);
			inputPaths = (
			);
			name = SwiftLint;
			outputPaths = (
			);
			runOnlyForDeploymentPostprocessing = 0;
			shellPath = /bin/sh;
			shellScript = "if which swiftlint >/dev/null; then\n    swiftlint\nelse\n    echo \"warning: SwiftLint not installed, download from https://github.com/realm/SwiftLint\"\nfi";
		};
/* End PBXShellScriptBuildPhase section */

/* Begin PBXSourcesBuildPhase section */
		288E9996E463E6B435C10E83 /* Sources */ = {
			isa = PBXSourcesBuildPhase;
			buildActionMask = 2147483647;
			files = (
				9490B4801F5B96A3002C96AE /* Requirement.swift in Sources */,
			);
			runOnlyForDeploymentPostprocessing = 0;
		};
		9CDAA7E060165A9BD78FFACA /* Sources */ = {
			isa = PBXSourcesBuildPhase;
			buildActionMask = 2147483647;
			files = (
				E13890D442F1AE026D83E058 /* Main.swift in Sources */,
			);
			runOnlyForDeploymentPostprocessing = 0;
		};
/* End PBXSourcesBuildPhase section */

/* Begin PBXTargetDependency section */
		E8B8BA78B684EFB7B48A5A3E /* PBXTargetDependency */ = {
			isa = PBXTargetDependency;
			name = Fwk;
			target = 61F3C8582288CDF155FF3A15 /* Fwk */;
			targetProxy = 717524C17A89DFAFFDBF50F8 /* PBXContainerItemProxy */;
		};
/* End PBXTargetDependency section */

/* Begin XCBuildConfiguration section */
		1D8B30089169009B3ABA01C3 /* Debug */ = {
			isa = XCBuildConfiguration;
			buildSettings = {
				ALWAYS_EMBED_SWIFT_STANDARD_LIBRARIES = YES;
				CURRENT_PROJECT_VERSION = 13;
				DEFINES_MODULE = NO;
				ENABLE_TESTABILITY = YES;
				INFOPLIST_FILE = Info/Fwk.plist;
				INSTALL_PATH = "$(LOCAL_LIBRARY_DIR)/Frameworks";
				IPHONEOS_DEPLOYMENT_TARGET = 8.0;
				LD_RUNPATH_SEARCH_PATHS = "$(inherited) @executable_path/Frameworks";
				MTL_ENABLE_DEBUG_INFO = true;
				PRODUCT_BUNDLE_IDENTIFIER = io.XCEssentials.Requirement;
				PRODUCT_NAME = XCERequirement;
				SDKROOT = iphoneos;
				SKIP_INSTALL = YES;
				SWIFT_VERSION = 3.0;
				TARGETED_DEVICE_FAMILY = "1,2";
				VERSIONING_SYSTEM = "apple-generic";
				VERSION_INFO_PREFIX = "";
			};
			name = Debug;
		};
		5ADCE11EF340F964B2DCD2E4 /* Release */ = {
			isa = XCBuildConfiguration;
			buildSettings = {
				ALWAYS_EMBED_SWIFT_STANDARD_LIBRARIES = YES;
				CURRENT_PROJECT_VERSION = 13;
				DEFINES_MODULE = NO;
				ENABLE_TESTABILITY = YES;
				INFOPLIST_FILE = Info/Fwk.plist;
				INSTALL_PATH = "$(LOCAL_LIBRARY_DIR)/Frameworks";
				IPHONEOS_DEPLOYMENT_TARGET = 8.0;
				LD_RUNPATH_SEARCH_PATHS = "$(inherited) @executable_path/Frameworks";
				PRODUCT_BUNDLE_IDENTIFIER = io.XCEssentials.Requirement;
				PRODUCT_NAME = XCERequirement;
				SDKROOT = iphoneos;
				SKIP_INSTALL = YES;
				SWIFT_VERSION = 3.0;
				TARGETED_DEVICE_FAMILY = "1,2";
				VERSIONING_SYSTEM = "apple-generic";
				VERSION_INFO_PREFIX = "";
			};
			name = Release;
		};
		5D2B9CBE0841AE3F6D111BBE /* Debug */ = {
			isa = XCBuildConfiguration;
			buildSettings = {
				ALWAYS_SEARCH_USER_PATHS = NO;
				CLANG_ANALYZER_NONNULL = YES;
				CLANG_CXX_LANGUAGE_STANDARD = "gnu++0x";
				CLANG_CXX_LIBRARY = "libc++";
				CLANG_ENABLE_MODULES = YES;
				CLANG_ENABLE_OBJC_ARC = YES;
				CLANG_WARN_BOOL_CONVERSION = YES;
				CLANG_WARN_CONSTANT_CONVERSION = YES;
				CLANG_WARN_DIRECT_OBJC_ISA_USAGE = YES_ERROR;
				CLANG_WARN_DOCUMENTATION_COMMENTS = YES;
				CLANG_WARN_EMPTY_BODY = YES;
				CLANG_WARN_ENUM_CONVERSION = YES;
				CLANG_WARN_INFINITE_RECURSION = YES;
				CLANG_WARN_INT_CONVERSION = YES;
				CLANG_WARN_OBJC_ROOT_CLASS = YES_ERROR;
				CLANG_WARN_SUSPICIOUS_MOVE = YES;
				CLANG_WARN_SUSPICIOUS_MOVES = YES;
				CLANG_WARN_UNREACHABLE_CODE = YES;
				CLANG_WARN__DUPLICATE_METHOD_MATCH = YES;
				CODE_SIGN_IDENTITY = "-";
				"CODE_SIGN_IDENTITY[sdk=iphoneos*]" = "";
				COPY_PHASE_STRIP = NO;
				CURRENT_PROJECT_VERSION = 13;
				DEBUG_INFORMATION_FORMAT = dwarf;
				ENABLE_STRICT_OBJC_MSGSEND = YES;
				ENABLE_TESTABILITY = YES;
				GCC_C_LANGUAGE_STANDARD = gnu99;
				GCC_DYNAMIC_NO_PIC = NO;
				GCC_NO_COMMON_BLOCKS = YES;
				GCC_OPTIMIZATION_LEVEL = 0;
				GCC_PREPROCESSOR_DEFINITIONS = (
					"DEBUG=1",
					"$(inherited)",
				);
				GCC_WARN_64_TO_32_BIT_CONVERSION = YES;
				GCC_WARN_ABOUT_RETURN_TYPE = YES_ERROR;
				GCC_WARN_UNDECLARED_SELECTOR = YES;
				GCC_WARN_UNINITIALIZED_AUTOS = YES_AGGRESSIVE;
				GCC_WARN_UNUSED_FUNCTION = YES;
				GCC_WARN_UNUSED_VARIABLE = YES;
				IPHONEOS_DEPLOYMENT_TARGET = 8.0;
				MTL_ENABLE_DEBUG_INFO = YES;
				ONLY_ACTIVE_ARCH = YES;
				SWIFT_ACTIVE_COMPILATION_CONDITIONS = DEBUG;
				SWIFT_OPTIMIZATION_LEVEL = "-Onone";
				SWIFT_VERSION = 3.0;
				VERSIONING_SYSTEM = "apple-generic";
			};
			name = Debug;
		};
		5E8805A537E8DB8125361EC4 /* Release */ = {
			isa = XCBuildConfiguration;
			buildSettings = {
				ALWAYS_EMBED_SWIFT_STANDARD_LIBRARIES = YES;
				BUNDLE_LOADER = "$(TEST_HOST)";
				FRAMEWORK_SEARCH_PATHS = (
					"$(inherited)",
					"$(BUILT_PRODUCTS_DIR)",
				);
				INFOPLIST_FILE = Info/Tst.plist;
				IPHONEOS_DEPLOYMENT_TARGET = 8.0;
				LD_RUNPATH_SEARCH_PATHS = "$(inherited) @executable_path/Frameworks @loader_path/Frameworks";
				PRODUCT_BUNDLE_IDENTIFIER = io.XCEssentials.Requirement.Tst;
				PRODUCT_NAME = "$(TARGET_NAME)";
				SDKROOT = iphoneos;
				SWIFT_VERSION = 3.0;
			};
			name = Release;
		};
		79505380F87504710A31876C /* Release */ = {
			isa = XCBuildConfiguration;
			buildSettings = {
				ALWAYS_SEARCH_USER_PATHS = NO;
				CLANG_ANALYZER_NONNULL = YES;
				CLANG_CXX_LANGUAGE_STANDARD = "gnu++0x";
				CLANG_CXX_LIBRARY = "libc++";
				CLANG_ENABLE_MODULES = YES;
				CLANG_ENABLE_OBJC_ARC = YES;
				CLANG_WARN_BOOL_CONVERSION = YES;
				CLANG_WARN_CONSTANT_CONVERSION = YES;
				CLANG_WARN_DIRECT_OBJC_ISA_USAGE = YES_ERROR;
				CLANG_WARN_DOCUMENTATION_COMMENTS = YES;
				CLANG_WARN_EMPTY_BODY = YES;
				CLANG_WARN_ENUM_CONVERSION = YES;
				CLANG_WARN_INFINITE_RECURSION = YES;
				CLANG_WARN_INT_CONVERSION = YES;
				CLANG_WARN_OBJC_ROOT_CLASS = YES_ERROR;
				CLANG_WARN_SUSPICIOUS_MOVE = YES;
				CLANG_WARN_SUSPICIOUS_MOVES = YES;
				CLANG_WARN_UNREACHABLE_CODE = YES;
				CLANG_WARN__DUPLICATE_METHOD_MATCH = YES;
				CODE_SIGN_IDENTITY = "-";
				"CODE_SIGN_IDENTITY[sdk=iphoneos*]" = "";
				COPY_PHASE_STRIP = NO;
				CURRENT_PROJECT_VERSION = 13;
				DEBUG_INFORMATION_FORMAT = "dwarf-with-dsym";
				ENABLE_NS_ASSERTIONS = NO;
				ENABLE_STRICT_OBJC_MSGSEND = YES;
				GCC_C_LANGUAGE_STANDARD = gnu99;
				GCC_NO_COMMON_BLOCKS = YES;
				GCC_WARN_64_TO_32_BIT_CONVERSION = YES;
				GCC_WARN_ABOUT_RETURN_TYPE = YES_ERROR;
				GCC_WARN_UNDECLARED_SELECTOR = YES;
				GCC_WARN_UNINITIALIZED_AUTOS = YES_AGGRESSIVE;
				GCC_WARN_UNUSED_FUNCTION = YES;
				GCC_WARN_UNUSED_VARIABLE = YES;
				IPHONEOS_DEPLOYMENT_TARGET = 8.0;
				MTL_ENABLE_DEBUG_INFO = NO;
				SWIFT_OPTIMIZATION_LEVEL = "-Owholemodule";
				SWIFT_VERSION = 3.0;
				VALIDATE_PRODUCT = YES;
				VERSIONING_SYSTEM = "apple-generic";
			};
			name = Release;
		};
		8E2BC386E8C4AB102C5C90A6 /* Debug */ = {
			isa = XCBuildConfiguration;
			buildSettings = {
				ALWAYS_EMBED_SWIFT_STANDARD_LIBRARIES = YES;
				BUNDLE_LOADER = "$(TEST_HOST)";
				FRAMEWORK_SEARCH_PATHS = (
					"$(inherited)",
					"$(BUILT_PRODUCTS_DIR)",
				);
				INFOPLIST_FILE = Info/Tst.plist;
				IPHONEOS_DEPLOYMENT_TARGET = 8.0;
				LD_RUNPATH_SEARCH_PATHS = "$(inherited) @executable_path/Frameworks @loader_path/Frameworks";
				MTL_ENABLE_DEBUG_INFO = true;
				PRODUCT_BUNDLE_IDENTIFIER = io.XCEssentials.Requirement.Tst;
				PRODUCT_NAME = "$(TARGET_NAME)";
				SDKROOT = iphoneos;
				SWIFT_VERSION = 3.0;
			};
			name = Debug;
		};
/* End XCBuildConfiguration section */

/* Begin XCConfigurationList section */
		20DC7A0467937AE9CC9DF917 /* Build configuration list for PBXNativeTarget "Tests" */ = {
			isa = XCConfigurationList;
			buildConfigurations = (
				8E2BC386E8C4AB102C5C90A6 /* Debug */,
				5E8805A537E8DB8125361EC4 /* Release */,
			);
			defaultConfigurationIsVisible = 0;
			defaultConfigurationName = Release;
		};
		AD8CB57A5627FB551215A8F1 /* Build configuration list for PBXNativeTarget "Fwk" */ = {
			isa = XCConfigurationList;
			buildConfigurations = (
				1D8B30089169009B3ABA01C3 /* Debug */,
				5ADCE11EF340F964B2DCD2E4 /* Release */,
			);
			defaultConfigurationIsVisible = 0;
			defaultConfigurationName = Release;
		};
		F1045D57D73A8BA557CBED5A /* Build configuration list for PBXProject "Main" */ = {
			isa = XCConfigurationList;
			buildConfigurations = (
				5D2B9CBE0841AE3F6D111BBE /* Debug */,
				79505380F87504710A31876C /* Release */,
			);
			defaultConfigurationIsVisible = 0;
			defaultConfigurationName = Debug;
		};
/* End XCConfigurationList section */
	};
	rootObject = 389870B49E830551C7DC48A4 /* Project object */;
}
