// !$*UTF8*$!
{
	archiveVersion = 1;
	classes = {
	};
	objectVersion = 46;
	objects = {

/* Begin PBXBuildFile section */
		02BDE58B9016F823F3BEDABD /* Foundation.framework in Frameworks */ = {isa = PBXBuildFile; fileRef = 6C0927136975964FAAF8AADC /* Foundation.framework */; };
		101F373886DAC6DB475BCCF4 /* Errors.swift in Sources */ = {isa = PBXBuildFile; fileRef = D118DE7586B4EC9A2A0B4999 /* Errors.swift */; };
		43667A5C15340032D8CC8078 /* Typealiases.swift in Sources */ = {isa = PBXBuildFile; fileRef = 1F2AEB01247782A83B112593 /* Typealiases.swift */; };
		4BC6FF39D11457B0B2F1F86C /* Foundation.framework in Frameworks */ = {isa = PBXBuildFile; fileRef = 6C0927136975964FAAF8AADC /* Foundation.framework */; };
		62ADA5FF5176785262A599C7 /* MKHRequirement.framework in Frameworks */ = {isa = PBXBuildFile; fileRef = CF65A07FC0C2533DB4A6BC1E /* MKHRequirement.framework */; };
		72ECC2EF787CAC2069213AB5 /* Extra.swift in Sources */ = {isa = PBXBuildFile; fileRef = B3F38578ED6436EC08A825D1 /* Extra.swift */; };
		95E490D7278D3DBF45C6A48C /* Main.swift in Sources */ = {isa = PBXBuildFile; fileRef = 592BD32694BFDF1EE343EB8B /* Main.swift */; };
		A66EDEFF98F930A0EF60FE2A /* Requirement.swift in Sources */ = {isa = PBXBuildFile; fileRef = 6B16146E1CCCC3BB23F06B8D /* Requirement.swift */; };
/* End PBXBuildFile section */

/* Begin PBXContainerItemProxy section */
		984370B4325CBB5318A7203E /* PBXContainerItemProxy */ = {
			isa = PBXContainerItemProxy;
			containerPortal = 7098D9EE5FCC94BF04AA4D81 /* Project object */;
			proxyType = 1;
			remoteGlobalIDString = 30F2128614B9ACA523D28395;
			remoteInfo = MKHRequirement;
		};
/* End PBXContainerItemProxy section */

/* Begin PBXCopyFilesBuildPhase section */
		0841368B003D4688B06A941C /* Embed Frameworks */ = {
			isa = PBXCopyFilesBuildPhase;
			buildActionMask = 2147483647;
			dstPath = "";
			dstSubfolderSpec = 10;
			files = (
			);
			name = "Embed Frameworks";
			runOnlyForDeploymentPostprocessing = 0;
		};
		B8CF94D5E83ECDBB0C1398EB /* Embed Frameworks */ = {
			isa = PBXCopyFilesBuildPhase;
			buildActionMask = 2147483647;
			dstPath = "";
			dstSubfolderSpec = 10;
			files = (
			);
			name = "Embed Frameworks";
			runOnlyForDeploymentPostprocessing = 0;
		};
/* End PBXCopyFilesBuildPhase section */

/* Begin PBXFileReference section */
		0EB4EB39289E5B0A738A168D /* Tests.xctest */ = {isa = PBXFileReference; explicitFileType = wrapper.cfbundle; includeInIndex = 0; path = Tests.xctest; sourceTree = BUILT_PRODUCTS_DIR; };
		1F2AEB01247782A83B112593 /* Typealiases.swift */ = {isa = PBXFileReference; includeInIndex = 1; lastKnownFileType = sourcecode.swift; path = Typealiases.swift; sourceTree = "<group>"; };
		592BD32694BFDF1EE343EB8B /* Main.swift */ = {isa = PBXFileReference; includeInIndex = 1; lastKnownFileType = sourcecode.swift; path = Main.swift; sourceTree = "<group>"; };
		6B16146E1CCCC3BB23F06B8D /* Requirement.swift */ = {isa = PBXFileReference; includeInIndex = 1; lastKnownFileType = sourcecode.swift; path = Requirement.swift; sourceTree = "<group>"; };
		6C0927136975964FAAF8AADC /* Foundation.framework */ = {isa = PBXFileReference; lastKnownFileType = wrapper.framework; name = Foundation.framework; path = Platforms/iPhoneOS.platform/Developer/SDKs/iPhoneOS10.0.sdk/System/Library/Frameworks/Foundation.framework; sourceTree = DEVELOPER_DIR; };
		B3F38578ED6436EC08A825D1 /* Extra.swift */ = {isa = PBXFileReference; includeInIndex = 1; lastKnownFileType = sourcecode.swift; path = Extra.swift; sourceTree = "<group>"; };
		CF65A07FC0C2533DB4A6BC1E /* MKHRequirement.framework */ = {isa = PBXFileReference; explicitFileType = wrapper.framework; includeInIndex = 0; path = MKHRequirement.framework; sourceTree = BUILT_PRODUCTS_DIR; };
		D118DE7586B4EC9A2A0B4999 /* Errors.swift */ = {isa = PBXFileReference; includeInIndex = 1; lastKnownFileType = sourcecode.swift; path = Errors.swift; sourceTree = "<group>"; };
/* End PBXFileReference section */

/* Begin PBXFrameworksBuildPhase section */
		2D245DFEB73A13E8D6ABD1A6 /* Frameworks */ = {
			isa = PBXFrameworksBuildPhase;
			buildActionMask = 2147483647;
			files = (
				4BC6FF39D11457B0B2F1F86C /* Foundation.framework in Frameworks */,
			);
			runOnlyForDeploymentPostprocessing = 0;
		};
		B8CF5715E8957819941CA8D6 /* Frameworks */ = {
			isa = PBXFrameworksBuildPhase;
			buildActionMask = 2147483647;
			files = (
				02BDE58B9016F823F3BEDABD /* Foundation.framework in Frameworks */,
				62ADA5FF5176785262A599C7 /* MKHRequirement.framework in Frameworks */,
			);
			runOnlyForDeploymentPostprocessing = 0;
		};
/* End PBXFrameworksBuildPhase section */

/* Begin PBXGroup section */
		1EDEBC62ED8A359807C15697 = {
			isa = PBXGroup;
			children = (
				C8394312C49AE09DC6F236E1 /* Products */,
				F33512481D2F57A7B4232F65 /* Frameworks */,
				713C642D8891D382B97BE6DB /* Src */,
				A1EAD394A5233B37EC262BBC /* Tst */,
			);
			sourceTree = "<group>";
		};
		351DBC206480776367003FC7 /* $subproj */ = {
			isa = PBXGroup;
			children = (
			);
			name = "$subproj";
			sourceTree = "<group>";
		};
		69FE414BFB2AFD9EA3D9D5AD /* $local */ = {
			isa = PBXGroup;
			children = (
			);
			name = "$local";
			sourceTree = "<group>";
		};
		713C642D8891D382B97BE6DB /* Src */ = {
			isa = PBXGroup;
			children = (
				D118DE7586B4EC9A2A0B4999 /* Errors.swift */,
				B3F38578ED6436EC08A825D1 /* Extra.swift */,
				6B16146E1CCCC3BB23F06B8D /* Requirement.swift */,
				1F2AEB01247782A83B112593 /* Typealiases.swift */,
			);
			name = Src;
			path = Src;
			sourceTree = SOURCE_ROOT;
		};
		A1EAD394A5233B37EC262BBC /* Tst */ = {
			isa = PBXGroup;
			children = (
				592BD32694BFDF1EE343EB8B /* Main.swift */,
			);
			name = Tst;
			path = Tst;
			sourceTree = SOURCE_ROOT;
		};
		C8394312C49AE09DC6F236E1 /* Products */ = {
			isa = PBXGroup;
			children = (
				CF65A07FC0C2533DB4A6BC1E /* MKHRequirement.framework */,
				0EB4EB39289E5B0A738A168D /* Tests.xctest */,
			);
			name = Products;
			sourceTree = "<group>";
		};
		F176BDB6F858CE6E5F79A9DE /* iOS */ = {
			isa = PBXGroup;
			children = (
				6C0927136975964FAAF8AADC /* Foundation.framework */,
			);
			name = iOS;
			sourceTree = "<group>";
		};
		F33512481D2F57A7B4232F65 /* Frameworks */ = {
			isa = PBXGroup;
			children = (
				F176BDB6F858CE6E5F79A9DE /* iOS */,
				351DBC206480776367003FC7 /* $subproj */,
				69FE414BFB2AFD9EA3D9D5AD /* $local */,
			);
			name = Frameworks;
			sourceTree = "<group>";
		};
/* End PBXGroup section */

/* Begin PBXNativeTarget section */
		08C8DB81541D53E769BA9B11 /* Tests */ = {
			isa = PBXNativeTarget;
			buildConfigurationList = 6734EB3DE3494A9BDD191DE1 /* Build configuration list for PBXNativeTarget "Tests" */;
			buildPhases = (
				7663CAB91517852A97D42A97 /* Sources */,
				B8CF5715E8957819941CA8D6 /* Frameworks */,
				B8CF94D5E83ECDBB0C1398EB /* Embed Frameworks */,
			);
			buildRules = (
			);
			dependencies = (
				F5C5BD0FE3FB62B0D5E055C6 /* PBXTargetDependency */,
			);
			name = Tests;
			productName = Tests;
			productReference = 0EB4EB39289E5B0A738A168D /* Tests.xctest */;
			productType = "com.apple.product-type.bundle.unit-test";
		};
		30F2128614B9ACA523D28395 /* MKHRequirement */ = {
			isa = PBXNativeTarget;
			buildConfigurationList = 89DDF6117120E5F7BFB17E45 /* Build configuration list for PBXNativeTarget "MKHRequirement" */;
			buildPhases = (
				ABA7EF11A2637F8BB55909A3 /* Sources */,
				2D245DFEB73A13E8D6ABD1A6 /* Frameworks */,
				0841368B003D4688B06A941C /* Embed Frameworks */,
			);
			buildRules = (
			);
			dependencies = (
			);
			name = MKHRequirement;
			productName = MKHRequirement;
			productReference = CF65A07FC0C2533DB4A6BC1E /* MKHRequirement.framework */;
			productType = "com.apple.product-type.framework";
		};
/* End PBXNativeTarget section */

/* Begin PBXProject section */
		7098D9EE5FCC94BF04AA4D81 /* Project object */ = {
			isa = PBXProject;
			attributes = {
				LastSwiftUpdateCheck = 0730;
				LastUpgradeCheck = 0700;
			};
			buildConfigurationList = 1E43C0AF8D64BF33459890D2 /* Build configuration list for PBXProject "main" */;
			compatibilityVersion = "Xcode 3.2";
			developmentRegion = English;
			hasScannedForEncodings = 0;
			knownRegions = (
				en,
			);
			mainGroup = 1EDEBC62ED8A359807C15697;
			productRefGroup = C8394312C49AE09DC6F236E1 /* Products */;
			projectDirPath = "";
			projectRoot = "";
			targets = (
				30F2128614B9ACA523D28395 /* MKHRequirement */,
				08C8DB81541D53E769BA9B11 /* Tests */,
			);
		};
/* End PBXProject section */

/* Begin PBXSourcesBuildPhase section */
		7663CAB91517852A97D42A97 /* Sources */ = {
			isa = PBXSourcesBuildPhase;
			buildActionMask = 2147483647;
			files = (
				95E490D7278D3DBF45C6A48C /* Main.swift in Sources */,
			);
			runOnlyForDeploymentPostprocessing = 0;
		};
		ABA7EF11A2637F8BB55909A3 /* Sources */ = {
			isa = PBXSourcesBuildPhase;
			buildActionMask = 2147483647;
			files = (
				101F373886DAC6DB475BCCF4 /* Errors.swift in Sources */,
				72ECC2EF787CAC2069213AB5 /* Extra.swift in Sources */,
				A66EDEFF98F930A0EF60FE2A /* Requirement.swift in Sources */,
				43667A5C15340032D8CC8078 /* Typealiases.swift in Sources */,
			);
			runOnlyForDeploymentPostprocessing = 0;
		};
/* End PBXSourcesBuildPhase section */

/* Begin PBXTargetDependency section */
		F5C5BD0FE3FB62B0D5E055C6 /* PBXTargetDependency */ = {
			isa = PBXTargetDependency;
			name = MKHRequirement;
			target = 30F2128614B9ACA523D28395 /* MKHRequirement */;
			targetProxy = 984370B4325CBB5318A7203E /* PBXContainerItemProxy */;
		};
/* End PBXTargetDependency section */

/* Begin XCBuildConfiguration section */
		04BE10C65C5A8C13376FB3E8 /* Debug */ = {
			isa = XCBuildConfiguration;
			buildSettings = {
				ALWAYS_EMBED_SWIFT_STANDARD_LIBRARIES = YES;
				BUNDLE_LOADER = "$(TEST_HOST)";
				FRAMEWORK_SEARCH_PATHS = (
					"$(inherited)",
					"$(BUILT_PRODUCTS_DIR)",
				);
				IPHONEOS_DEPLOYMENT_TARGET = 10.2;
				LD_RUNPATH_SEARCH_PATHS = "$(inherited) @executable_path/Frameworks @loader_path/Frameworks";
				PRODUCT_NAME = "$(_PROJECT_TITLE)Tst";
				SDKROOT = iphoneos;
				SWIFT_OPTIMIZATION_LEVEL = "-Onone";
				SWIFT_VERSION = 3.0;
			};
			name = Debug;
		};
		2BC7177BF958279FDC72CD76 /* Debug */ = {
			isa = XCBuildConfiguration;
			buildSettings = {
				ALWAYS_EMBED_SWIFT_STANDARD_LIBRARIES = YES;
				CURRENT_PROJECT_VERSION = 1;
				DEFINES_MODULE = YES;
				ENABLE_TESTABILITY = YES;
				INSTALL_PATH = "$(LOCAL_LIBRARY_DIR)/Frameworks";
				IPHONEOS_DEPLOYMENT_TARGET = 10.2;
				LD_RUNPATH_SEARCH_PATHS = "$(inherited) @executable_path/Frameworks";
				PRODUCT_NAME = "$(_PROJECT_TITLE)";
				SDKROOT = iphoneos;
				SKIP_INSTALL = YES;
				SWIFT_OPTIMIZATION_LEVEL = "-Onone";
				SWIFT_VERSION = 3.0;
				VERSIONING_SYSTEM = "apple-generic";
				VERSION_INFO_PREFIX = "";
			};
			name = Debug;
		};
		7A4ACA6BF6A1CFE49F10C1B5 /* Release */ = {
			isa = XCBuildConfiguration;
			buildSettings = {
				ALWAYS_EMBED_SWIFT_STANDARD_LIBRARIES = YES;
				BUNDLE_LOADER = "$(TEST_HOST)";
				FRAMEWORK_SEARCH_PATHS = (
					"$(inherited)",
					"$(BUILT_PRODUCTS_DIR)",
				);
				IPHONEOS_DEPLOYMENT_TARGET = 10.2;
				LD_RUNPATH_SEARCH_PATHS = "$(inherited) @executable_path/Frameworks @loader_path/Frameworks";
				PRODUCT_NAME = "$(_PROJECT_TITLE)Tst";
				SDKROOT = iphoneos;
				SWIFT_VERSION = 3.0;
			};
			name = Release;
		};
		8CF26B532AD9E904C087873E /* Release */ = {
			isa = XCBuildConfiguration;
			buildSettings = {
				ALWAYS_EMBED_SWIFT_STANDARD_LIBRARIES = YES;
				CURRENT_PROJECT_VERSION = 1;
				DEFINES_MODULE = YES;
				ENABLE_TESTABILITY = YES;
				INSTALL_PATH = "$(LOCAL_LIBRARY_DIR)/Frameworks";
				IPHONEOS_DEPLOYMENT_TARGET = 10.2;
				LD_RUNPATH_SEARCH_PATHS = "$(inherited) @executable_path/Frameworks";
				PRODUCT_NAME = "$(_PROJECT_TITLE)";
				SDKROOT = iphoneos;
				SKIP_INSTALL = YES;
				SWIFT_VERSION = 3.0;
				VERSIONING_SYSTEM = "apple-generic";
				VERSION_INFO_PREFIX = "";
			};
			name = Release;
		};
		9B7320B05589E67D2889668B /* Release */ = {
			isa = XCBuildConfiguration;
			buildSettings = {
				ALWAYS_SEARCH_USER_PATHS = NO;
				CLANG_ANALYZER_NONNULL = YES;
				CLANG_CXX_LANGUAGE_STANDARD = "gnu++0x";
				CLANG_CXX_LIBRARY = "libc++";
				CLANG_ENABLE_MODULES = YES;
				CLANG_ENABLE_OBJC_ARC = YES;
				CLANG_WARN_BOOL_CONVERSION = YES;
				CLANG_WARN_CONSTANT_CONVERSION = YES;
				CLANG_WARN_DIRECT_OBJC_ISA_USAGE = YES_ERROR;
				CLANG_WARN_DOCUMENTATION_COMMENTS = YES;
				CLANG_WARN_EMPTY_BODY = YES;
				CLANG_WARN_ENUM_CONVERSION = YES;
				CLANG_WARN_INFINITE_RECURSION = YES;
				CLANG_WARN_INT_CONVERSION = YES;
				CLANG_WARN_OBJC_ROOT_CLASS = YES_ERROR;
				CLANG_WARN_SUSPICIOUS_MOVE = YES;
				CLANG_WARN_SUSPICIOUS_MOVES = YES;
				CLANG_WARN_UNREACHABLE_CODE = YES;
				CLANG_WARN__DUPLICATE_METHOD_MATCH = YES;
				CODE_SIGN_IDENTITY = "-";
				"CODE_SIGN_IDENTITY[sdk=iphoneos*]" = "iPhone Developer";
				COPY_PHASE_STRIP = NO;
				DEBUG_INFORMATION_FORMAT = "dwarf-with-dsym";
				DEVELOPMENT_TEAM = UJA88X59XP;
				ENABLE_NS_ASSERTIONS = NO;
				ENABLE_STRICT_OBJC_MSGSEND = YES;
				GCC_C_LANGUAGE_STANDARD = gnu99;
				GCC_NO_COMMON_BLOCKS = YES;
				GCC_WARN_64_TO_32_BIT_CONVERSION = YES;
				GCC_WARN_ABOUT_RETURN_TYPE = YES_ERROR;
				GCC_WARN_UNDECLARED_SELECTOR = YES;
				GCC_WARN_UNINITIALIZED_AUTOS = YES_AGGRESSIVE;
				GCC_WARN_UNUSED_FUNCTION = YES;
				GCC_WARN_UNUSED_VARIABLE = YES;
				INFOPLIST_FILE = "Info/$(PRODUCT_NAME).plist";
				IPHONEOS_DEPLOYMENT_TARGET = 10.2;
				MTL_ENABLE_DEBUG_INFO = NO;
				PRODUCT_BUNDLE_IDENTIFIER = "$(_COMPANY_IDENTIFIER).$(PRODUCT_NAME)";
				SDKROOT = iphoneos;
				SWIFT_OPTIMIZATION_LEVEL = "-Owholemodule";
				SWIFT_VERSION = 3.0;
				TARGETED_DEVICE_FAMILY = "1,2";
				VALIDATE_PRODUCT = YES;
				VERSIONING_SYSTEM = "apple-generic";
				_COMPANY_IDENTIFIER = khatskevich.maxim;
				_PROJECT_TITLE = MKHRequirement;
			};
			name = Release;
		};
		AFB5FA53F6B39E222B8C0D11 /* Debug */ = {
			isa = XCBuildConfiguration;
			buildSettings = {
				ALWAYS_SEARCH_USER_PATHS = NO;
				CLANG_ANALYZER_NONNULL = YES;
				CLANG_CXX_LANGUAGE_STANDARD = "gnu++0x";
				CLANG_CXX_LIBRARY = "libc++";
				CLANG_ENABLE_MODULES = YES;
				CLANG_ENABLE_OBJC_ARC = YES;
				CLANG_WARN_BOOL_CONVERSION = YES;
				CLANG_WARN_CONSTANT_CONVERSION = YES;
				CLANG_WARN_DIRECT_OBJC_ISA_USAGE = YES_ERROR;
				CLANG_WARN_DOCUMENTATION_COMMENTS = YES;
				CLANG_WARN_EMPTY_BODY = YES;
				CLANG_WARN_ENUM_CONVERSION = YES;
				CLANG_WARN_INFINITE_RECURSION = YES;
				CLANG_WARN_INT_CONVERSION = YES;
				CLANG_WARN_OBJC_ROOT_CLASS = YES_ERROR;
				CLANG_WARN_SUSPICIOUS_MOVE = YES;
				CLANG_WARN_SUSPICIOUS_MOVES = YES;
				CLANG_WARN_UNREACHABLE_CODE = YES;
				CLANG_WARN__DUPLICATE_METHOD_MATCH = YES;
				CODE_SIGN_IDENTITY = "-";
				"CODE_SIGN_IDENTITY[sdk=iphoneos*]" = "iPhone Developer";
				COPY_PHASE_STRIP = NO;
				DEBUG_INFORMATION_FORMAT = dwarf;
				DEVELOPMENT_TEAM = UJA88X59XP;
				ENABLE_STRICT_OBJC_MSGSEND = YES;
				ENABLE_TESTABILITY = YES;
				GCC_C_LANGUAGE_STANDARD = gnu99;
				GCC_DYNAMIC_NO_PIC = NO;
				GCC_NO_COMMON_BLOCKS = YES;
				GCC_OPTIMIZATION_LEVEL = 0;
				GCC_PREPROCESSOR_DEFINITIONS = (
					"DEBUG=1",
					"$(inherited)",
				);
				GCC_WARN_64_TO_32_BIT_CONVERSION = YES;
				GCC_WARN_ABOUT_RETURN_TYPE = YES_ERROR;
				GCC_WARN_UNDECLARED_SELECTOR = YES;
				GCC_WARN_UNINITIALIZED_AUTOS = YES_AGGRESSIVE;
				GCC_WARN_UNUSED_FUNCTION = YES;
				GCC_WARN_UNUSED_VARIABLE = YES;
				INFOPLIST_FILE = "Info/$(PRODUCT_NAME).plist";
				IPHONEOS_DEPLOYMENT_TARGET = 10.2;
				MTL_ENABLE_DEBUG_INFO = YES;
				ONLY_ACTIVE_ARCH = YES;
				PRODUCT_BUNDLE_IDENTIFIER = "$(_COMPANY_IDENTIFIER).$(PRODUCT_NAME)";
				SDKROOT = iphoneos;
				SWIFT_ACTIVE_COMPILATION_CONDITIONS = DEBUG;
				SWIFT_OPTIMIZATION_LEVEL = "-Onone";
				SWIFT_VERSION = 3.0;
				TARGETED_DEVICE_FAMILY = "1,2";
				VERSIONING_SYSTEM = "apple-generic";
				_COMPANY_IDENTIFIER = khatskevich.maxim;
				_PROJECT_TITLE = MKHRequirement;
			};
			name = Debug;
		};
/* End XCBuildConfiguration section */

/* Begin XCConfigurationList section */
		1E43C0AF8D64BF33459890D2 /* Build configuration list for PBXProject "main" */ = {
			isa = XCConfigurationList;
			buildConfigurations = (
				AFB5FA53F6B39E222B8C0D11 /* Debug */,
				9B7320B05589E67D2889668B /* Release */,
			);
			defaultConfigurationIsVisible = 0;
			defaultConfigurationName = Debug;
		};
		6734EB3DE3494A9BDD191DE1 /* Build configuration list for PBXNativeTarget "Tests" */ = {
			isa = XCConfigurationList;
			buildConfigurations = (
				04BE10C65C5A8C13376FB3E8 /* Debug */,
				7A4ACA6BF6A1CFE49F10C1B5 /* Release */,
			);
			defaultConfigurationIsVisible = 0;
			defaultConfigurationName = Release;
		};
		89DDF6117120E5F7BFB17E45 /* Build configuration list for PBXNativeTarget "MKHRequirement" */ = {
			isa = XCConfigurationList;
			buildConfigurations = (
				2BC7177BF958279FDC72CD76 /* Debug */,
				8CF26B532AD9E904C087873E /* Release */,
			);
			defaultConfigurationIsVisible = 0;
			defaultConfigurationName = Release;
		};
/* End XCConfigurationList section */
	};
	rootObject = 7098D9EE5FCC94BF04AA4D81 /* Project object */;
}
