// !$*UTF8*$!
{
	archiveVersion = 1;
	classes = {
	};
	objectVersion = 46;
	objects = {

/* Begin PBXBuildFile section */
		221A9C8E833EA19DEDD8D958 /* UIKit.framework in Frameworks */ = {isa = PBXBuildFile; fileRef = A6DCA46973C8FB30C3B4F3D4 /* UIKit.framework */; };
		2231EC9CC91BB185F8720EDC /* Main.swift in Sources */ = {isa = PBXBuildFile; fileRef = C5900F4083C6187D5328BC8A /* Main.swift */; };
		31B9FE15D59D6749A6EF711A /* Extra.swift in Sources */ = {isa = PBXBuildFile; fileRef = 75890C1AE76D355C6CE9E28B /* Extra.swift */; };
		B0DD4903C99E4B8B2D7DBD11 /* UIKit.framework in Frameworks */ = {isa = PBXBuildFile; fileRef = A6DCA46973C8FB30C3B4F3D4 /* UIKit.framework */; };
		B4585785093D8BFB6925F4CB /* Foundation.framework in Frameworks */ = {isa = PBXBuildFile; fileRef = 66B266C6C8E8023E876F135E /* Foundation.framework */; };
		BA1403E00B0DF5ABE191FA3B /* Requirement.swift in Sources */ = {isa = PBXBuildFile; fileRef = 39BD4E4AF09BB138882E1EF0 /* Requirement.swift */; };
		BBCCF95FA9130A8B14627D93 /* Typealiases.swift in Sources */ = {isa = PBXBuildFile; fileRef = 3A5065336A070CCE3D3E6822 /* Typealiases.swift */; };
		BD29FFD6AD2AB35B378B502A /* Foundation.framework in Frameworks */ = {isa = PBXBuildFile; fileRef = 66B266C6C8E8023E876F135E /* Foundation.framework */; };
		FEC064EB1EC42461AA60C75F /* Errors.swift in Sources */ = {isa = PBXBuildFile; fileRef = 2E173465CB11ABA090D9B11E /* Errors.swift */; };
/* End PBXBuildFile section */

/* Begin PBXCopyFilesBuildPhase section */
		2B97CCC7CE05CAAF816CEB95 /* Embed Frameworks */ = {
			isa = PBXCopyFilesBuildPhase;
			buildActionMask = 2147483647;
			dstPath = "";
			dstSubfolderSpec = 10;
			files = (
			);
			name = "Embed Frameworks";
			runOnlyForDeploymentPostprocessing = 0;
		};
		8E0A911BFA9B9F407F3E12CB /* Embed Frameworks */ = {
			isa = PBXCopyFilesBuildPhase;
			buildActionMask = 2147483647;
			dstPath = "";
			dstSubfolderSpec = 10;
			files = (
			);
			name = "Embed Frameworks";
			runOnlyForDeploymentPostprocessing = 0;
		};
/* End PBXCopyFilesBuildPhase section */

/* Begin PBXFileReference section */
		2E173465CB11ABA090D9B11E /* Errors.swift */ = {isa = PBXFileReference; includeInIndex = 1; lastKnownFileType = sourcecode.swift; path = Errors.swift; sourceTree = "<group>"; };
		39BD4E4AF09BB138882E1EF0 /* Requirement.swift */ = {isa = PBXFileReference; includeInIndex = 1; lastKnownFileType = sourcecode.swift; path = Requirement.swift; sourceTree = "<group>"; };
		3A5065336A070CCE3D3E6822 /* Typealiases.swift */ = {isa = PBXFileReference; includeInIndex = 1; lastKnownFileType = sourcecode.swift; path = Typealiases.swift; sourceTree = "<group>"; };
		66B266C6C8E8023E876F135E /* Foundation.framework */ = {isa = PBXFileReference; lastKnownFileType = wrapper.framework; name = Foundation.framework; path = Platforms/iPhoneOS.platform/Developer/SDKs/iPhoneOS10.0.sdk/System/Library/Frameworks/Foundation.framework; sourceTree = DEVELOPER_DIR; };
		75890C1AE76D355C6CE9E28B /* Extra.swift */ = {isa = PBXFileReference; includeInIndex = 1; lastKnownFileType = sourcecode.swift; path = Extra.swift; sourceTree = "<group>"; };
		A6DCA46973C8FB30C3B4F3D4 /* UIKit.framework */ = {isa = PBXFileReference; lastKnownFileType = wrapper.framework; name = UIKit.framework; path = Platforms/iPhoneOS.platform/Developer/SDKs/iPhoneOS10.0.sdk/System/Library/Frameworks/UIKit.framework; sourceTree = DEVELOPER_DIR; };
		A72BFD2E32B5A816BF80EA55 /* MKHRequirement.framework */ = {isa = PBXFileReference; explicitFileType = wrapper.framework; includeInIndex = 0; path = MKHRequirement.framework; sourceTree = BUILT_PRODUCTS_DIR; };
		C5900F4083C6187D5328BC8A /* Main.swift */ = {isa = PBXFileReference; includeInIndex = 1; lastKnownFileType = sourcecode.swift; path = Main.swift; sourceTree = "<group>"; };
		D492682613974F52F2AD6230 /* MKHRequirementTst.xctest */ = {isa = PBXFileReference; explicitFileType = wrapper.cfbundle; includeInIndex = 0; path = MKHRequirementTst.xctest; sourceTree = BUILT_PRODUCTS_DIR; };
/* End PBXFileReference section */

/* Begin PBXFrameworksBuildPhase section */
		8071EAA31F92CA11EC269D98 /* Frameworks */ = {
			isa = PBXFrameworksBuildPhase;
			buildActionMask = 2147483647;
			files = (
				B4585785093D8BFB6925F4CB /* Foundation.framework in Frameworks */,
				B0DD4903C99E4B8B2D7DBD11 /* UIKit.framework in Frameworks */,
			);
			runOnlyForDeploymentPostprocessing = 0;
		};
		A70194080D3F1A24A7D4641B /* Frameworks */ = {
			isa = PBXFrameworksBuildPhase;
			buildActionMask = 2147483647;
			files = (
				BD29FFD6AD2AB35B378B502A /* Foundation.framework in Frameworks */,
				221A9C8E833EA19DEDD8D958 /* UIKit.framework in Frameworks */,
			);
			runOnlyForDeploymentPostprocessing = 0;
		};
/* End PBXFrameworksBuildPhase section */

/* Begin PBXGroup section */
		022999816FB5681747A3970E /* Frameworks */ = {
			isa = PBXGroup;
			children = (
				C94E5F7CD500BAEB6E924320 /* iOS */,
				5133C35DE10957F6D7A8BCBB /* $subproj */,
				E837CC4DFD0D745AC8E52FD5 /* $local */,
			);
			name = Frameworks;
			sourceTree = "<group>";
		};
		0433B157EB97C2752D853DF7 = {
			isa = PBXGroup;
			children = (
				126DBBA4FDB8D10BE3DB25A8 /* Products */,
				022999816FB5681747A3970E /* Frameworks */,
				C168C49CB2F5885B5AA5CED1 /* Src */,
				6D4DD63957865127EE5843DF /* Tst */,
			);
			sourceTree = "<group>";
		};
		126DBBA4FDB8D10BE3DB25A8 /* Products */ = {
			isa = PBXGroup;
			children = (
				A72BFD2E32B5A816BF80EA55 /* MKHRequirement.framework */,
				D492682613974F52F2AD6230 /* MKHRequirementTst.xctest */,
			);
			name = Products;
			sourceTree = "<group>";
		};
		5133C35DE10957F6D7A8BCBB /* $subproj */ = {
			isa = PBXGroup;
			children = (
			);
			name = "$subproj";
			sourceTree = "<group>";
		};
		6D4DD63957865127EE5843DF /* Tst */ = {
			isa = PBXGroup;
			children = (
				C5900F4083C6187D5328BC8A /* Main.swift */,
			);
			name = Tst;
			path = Tst;
			sourceTree = SOURCE_ROOT;
		};
		C168C49CB2F5885B5AA5CED1 /* Src */ = {
			isa = PBXGroup;
			children = (
				2E173465CB11ABA090D9B11E /* Errors.swift */,
				75890C1AE76D355C6CE9E28B /* Extra.swift */,
				39BD4E4AF09BB138882E1EF0 /* Requirement.swift */,
				3A5065336A070CCE3D3E6822 /* Typealiases.swift */,
			);
			name = Src;
			path = Src;
			sourceTree = SOURCE_ROOT;
		};
		C94E5F7CD500BAEB6E924320 /* iOS */ = {
			isa = PBXGroup;
			children = (
				66B266C6C8E8023E876F135E /* Foundation.framework */,
				A6DCA46973C8FB30C3B4F3D4 /* UIKit.framework */,
			);
			name = iOS;
			sourceTree = "<group>";
		};
		E837CC4DFD0D745AC8E52FD5 /* $local */ = {
			isa = PBXGroup;
			children = (
			);
			name = "$local";
			sourceTree = "<group>";
		};
/* End PBXGroup section */

/* Begin PBXNativeTarget section */
		3C9B5456C13DE9BAFE2CEE4C /* MKHRequirementTst */ = {
			isa = PBXNativeTarget;
			buildConfigurationList = 83CFD0BEE51D61E345F5526E /* Build configuration list for PBXNativeTarget "MKHRequirementTst" */;
			buildPhases = (
				A2221072B58686F0DACEE7E8 /* Sources */,
				A70194080D3F1A24A7D4641B /* Frameworks */,
				8E0A911BFA9B9F407F3E12CB /* Embed Frameworks */,
			);
			buildRules = (
			);
			dependencies = (
			);
			name = MKHRequirementTst;
			productName = MKHRequirementTst;
			productReference = D492682613974F52F2AD6230 /* MKHRequirementTst.xctest */;
			productType = "com.apple.product-type.bundle.unit-test";
		};
		3CD44813EF0210215D0CC07E /* MKHRequirement */ = {
			isa = PBXNativeTarget;
			buildConfigurationList = A615C39C2719D2296B37B88D /* Build configuration list for PBXNativeTarget "MKHRequirement" */;
			buildPhases = (
				E33A3E347970BBC69D2D6DF7 /* Sources */,
				8071EAA31F92CA11EC269D98 /* Frameworks */,
				2B97CCC7CE05CAAF816CEB95 /* Embed Frameworks */,
			);
			buildRules = (
			);
			dependencies = (
			);
			name = MKHRequirement;
			productName = MKHRequirement;
			productReference = A72BFD2E32B5A816BF80EA55 /* MKHRequirement.framework */;
			productType = "com.apple.product-type.framework";
		};
/* End PBXNativeTarget section */

/* Begin PBXProject section */
		627C711E8E2BAC11076EFD77 /* Project object */ = {
			isa = PBXProject;
			attributes = {
				LastSwiftUpdateCheck = 0730;
				LastUpgradeCheck = 0700;
			};
			buildConfigurationList = D64B20AC8B0EBFD58E15290A /* Build configuration list for PBXProject "mkhrequirement" */;
			compatibilityVersion = "Xcode 3.2";
			developmentRegion = English;
			hasScannedForEncodings = 0;
			knownRegions = (
				en,
			);
			mainGroup = 0433B157EB97C2752D853DF7;
			productRefGroup = 126DBBA4FDB8D10BE3DB25A8 /* Products */;
			projectDirPath = "";
			projectRoot = "";
			targets = (
				3CD44813EF0210215D0CC07E /* MKHRequirement */,
				3C9B5456C13DE9BAFE2CEE4C /* MKHRequirementTst */,
			);
		};
/* End PBXProject section */

/* Begin PBXSourcesBuildPhase section */
		A2221072B58686F0DACEE7E8 /* Sources */ = {
			isa = PBXSourcesBuildPhase;
			buildActionMask = 2147483647;
			files = (
				2231EC9CC91BB185F8720EDC /* Main.swift in Sources */,
			);
			runOnlyForDeploymentPostprocessing = 0;
		};
		E33A3E347970BBC69D2D6DF7 /* Sources */ = {
			isa = PBXSourcesBuildPhase;
			buildActionMask = 2147483647;
			files = (
				FEC064EB1EC42461AA60C75F /* Errors.swift in Sources */,
				31B9FE15D59D6749A6EF711A /* Extra.swift in Sources */,
				BA1403E00B0DF5ABE191FA3B /* Requirement.swift in Sources */,
				BBCCF95FA9130A8B14627D93 /* Typealiases.swift in Sources */,
			);
			runOnlyForDeploymentPostprocessing = 0;
		};
/* End PBXSourcesBuildPhase section */

/* Begin XCBuildConfiguration section */
		27F561596397F7400EDA1B17 /* Debug */ = {
			isa = XCBuildConfiguration;
			buildSettings = {
				DEFINES_MODULE = YES;
				INFOPLIST_FILE = "Info/$(PRODUCT_NAME).plist";
				IPHONEOS_DEPLOYMENT_TARGET = 10.1;
				LD_RUNPATH_SEARCH_PATHS = "$(inherited) @executable_path/Frameworks";
				PRODUCT_BUNDLE_IDENTIFIER = "$(_COMPANY_IDENTIFIER).$(PRODUCT_NAME)";
				PRODUCT_NAME = "$(_PROJECT_TITLE)";
				SDKROOT = iphoneos;
				SKIP_INSTALL = YES;
				SWIFT_OPTIMIZATION_LEVEL = "-Onone";
			};
			name = Debug;
		};
		5DBF787FC04691584F4B23F3 /* Debug */ = {
			isa = XCBuildConfiguration;
			buildSettings = {
				ALWAYS_SEARCH_USER_PATHS = NO;
				CLANG_ANALYZER_NONNULL = YES;
				CLANG_CXX_LANGUAGE_STANDARD = "gnu++0x";
				CLANG_CXX_LIBRARY = "libc++";
				CLANG_ENABLE_MODULES = YES;
				CLANG_ENABLE_OBJC_ARC = YES;
				CLANG_WARN_BOOL_CONVERSION = YES;
				CLANG_WARN_CONSTANT_CONVERSION = YES;
				CLANG_WARN_DIRECT_OBJC_ISA_USAGE = YES_ERROR;
				CLANG_WARN_DOCUMENTATION_COMMENTS = YES;
				CLANG_WARN_EMPTY_BODY = YES;
				CLANG_WARN_ENUM_CONVERSION = YES;
				CLANG_WARN_INFINITE_RECURSION = YES;
				CLANG_WARN_INT_CONVERSION = YES;
				CLANG_WARN_OBJC_ROOT_CLASS = YES_ERROR;
				CLANG_WARN_SUSPICIOUS_MOVE = YES;
				CLANG_WARN_SUSPICIOUS_MOVES = YES;
				CLANG_WARN_UNREACHABLE_CODE = YES;
				CLANG_WARN__DUPLICATE_METHOD_MATCH = YES;
				CODE_SIGN_IDENTITY = "-";
				"CODE_SIGN_IDENTITY[sdk=iphoneos*]" = "iPhone Developer";
				COPY_PHASE_STRIP = NO;
				DEBUG_INFORMATION_FORMAT = dwarf;
				DEVELOPMENT_TEAM = "Maxim Khatskevich";
				ENABLE_STRICT_OBJC_MSGSEND = YES;
				ENABLE_TESTABILITY = YES;
				GCC_C_LANGUAGE_STANDARD = gnu99;
				GCC_DYNAMIC_NO_PIC = NO;
				GCC_NO_COMMON_BLOCKS = YES;
				GCC_OPTIMIZATION_LEVEL = 0;
				GCC_PREPROCESSOR_DEFINITIONS = (
					"DEBUG=1",
					"$(inherited)",
				);
				GCC_WARN_64_TO_32_BIT_CONVERSION = YES;
				GCC_WARN_ABOUT_RETURN_TYPE = YES_ERROR;
				GCC_WARN_UNDECLARED_SELECTOR = YES;
				GCC_WARN_UNINITIALIZED_AUTOS = YES_AGGRESSIVE;
				GCC_WARN_UNUSED_FUNCTION = YES;
				GCC_WARN_UNUSED_VARIABLE = YES;
				IPHONEOS_DEPLOYMENT_TARGET = 10.1;
				MTL_ENABLE_DEBUG_INFO = YES;
				ONLY_ACTIVE_ARCH = YES;
				SDKROOT = iphoneos;
				SWIFT_ACTIVE_COMPILATION_CONDITIONS = DEBUG;
				SWIFT_OPTIMIZATION_LEVEL = "-Onone";
				SWIFT_VERSION = 3.0;
				TARGETED_DEVICE_FAMILY = "1,2";
				VERSIONING_SYSTEM = "apple-generic";
				_COMPANY_IDENTIFIER = khatskevich.maxim;
				_PROJECT_TITLE = MKHRequirement;
				_TESTS_SUFFIX = Tst;
			};
			name = Debug;
		};
		6A3DE36478C3948B88074906 /* Debug */ = {
			isa = XCBuildConfiguration;
			buildSettings = {
				ALWAYS_EMBED_SWIFT_STANDARD_LIBRARIES = YES;
				BUNDLE_LOADER = "$(TEST_HOST)";
				INFOPLIST_FILE = "Info/$(PRODUCT_NAME).plist";
				IPHONEOS_DEPLOYMENT_TARGET = 10.1;
				LD_RUNPATH_SEARCH_PATHS = "$(inherited) @executable_path/Frameworks @loader_path/Frameworks";
				PRODUCT_BUNDLE_IDENTIFIER = "$(_COMPANY_IDENTIFIER).$(PRODUCT_NAME)";
				PRODUCT_NAME = "$(_PROJECT_TITLE)$(_TESTS_SUFFIX)";
				SDKROOT = iphoneos;
				SWIFT_OPTIMIZATION_LEVEL = "-Onone";
				SWIFT_VERSION = 3.0;
			};
			name = Debug;
		};
		6EE9E8ABB8333D4D90EA196C /* Release */ = {
			isa = XCBuildConfiguration;
			buildSettings = {
				ALWAYS_SEARCH_USER_PATHS = NO;
				CLANG_ANALYZER_NONNULL = YES;
				CLANG_CXX_LANGUAGE_STANDARD = "gnu++0x";
				CLANG_CXX_LIBRARY = "libc++";
				CLANG_ENABLE_MODULES = YES;
				CLANG_ENABLE_OBJC_ARC = YES;
				CLANG_WARN_BOOL_CONVERSION = YES;
				CLANG_WARN_CONSTANT_CONVERSION = YES;
				CLANG_WARN_DIRECT_OBJC_ISA_USAGE = YES_ERROR;
				CLANG_WARN_DOCUMENTATION_COMMENTS = YES;
				CLANG_WARN_EMPTY_BODY = YES;
				CLANG_WARN_ENUM_CONVERSION = YES;
				CLANG_WARN_INFINITE_RECURSION = YES;
				CLANG_WARN_INT_CONVERSION = YES;
				CLANG_WARN_OBJC_ROOT_CLASS = YES_ERROR;
				CLANG_WARN_SUSPICIOUS_MOVE = YES;
				CLANG_WARN_SUSPICIOUS_MOVES = YES;
				CLANG_WARN_UNREACHABLE_CODE = YES;
				CLANG_WARN__DUPLICATE_METHOD_MATCH = YES;
				CODE_SIGN_IDENTITY = "-";
				"CODE_SIGN_IDENTITY[sdk=iphoneos*]" = "iPhone Developer";
				COPY_PHASE_STRIP = NO;
				DEBUG_INFORMATION_FORMAT = "dwarf-with-dsym";
				DEVELOPMENT_TEAM = "Maxim Khatskevich";
				ENABLE_NS_ASSERTIONS = NO;
				ENABLE_STRICT_OBJC_MSGSEND = YES;
				GCC_C_LANGUAGE_STANDARD = gnu99;
				GCC_NO_COMMON_BLOCKS = YES;
				GCC_WARN_64_TO_32_BIT_CONVERSION = YES;
				GCC_WARN_ABOUT_RETURN_TYPE = YES_ERROR;
				GCC_WARN_UNDECLARED_SELECTOR = YES;
				GCC_WARN_UNINITIALIZED_AUTOS = YES_AGGRESSIVE;
				GCC_WARN_UNUSED_FUNCTION = YES;
				GCC_WARN_UNUSED_VARIABLE = YES;
				IPHONEOS_DEPLOYMENT_TARGET = 10.1;
				MTL_ENABLE_DEBUG_INFO = NO;
				SDKROOT = iphoneos;
				SWIFT_OPTIMIZATION_LEVEL = "-Owholemodule";
				SWIFT_VERSION = 3.0;
				TARGETED_DEVICE_FAMILY = "1,2";
				VALIDATE_PRODUCT = YES;
				VERSIONING_SYSTEM = "apple-generic";
				_COMPANY_IDENTIFIER = khatskevich.maxim;
				_PROJECT_TITLE = MKHRequirement;
				_TESTS_SUFFIX = Tst;
			};
			name = Release;
		};
		A88815199FD62F4BCB543B62 /* Release */ = {
			isa = XCBuildConfiguration;
			buildSettings = {
				ALWAYS_EMBED_SWIFT_STANDARD_LIBRARIES = YES;
				BUNDLE_LOADER = "$(TEST_HOST)";
				INFOPLIST_FILE = "Info/$(PRODUCT_NAME).plist";
				IPHONEOS_DEPLOYMENT_TARGET = 10.1;
				LD_RUNPATH_SEARCH_PATHS = "$(inherited) @executable_path/Frameworks @loader_path/Frameworks";
				PRODUCT_BUNDLE_IDENTIFIER = "$(_COMPANY_IDENTIFIER).$(PRODUCT_NAME)";
				PRODUCT_NAME = "$(_PROJECT_TITLE)$(_TESTS_SUFFIX)";
				SDKROOT = iphoneos;
				SWIFT_VERSION = 3.0;
			};
			name = Release;
		};
		AEA4A4A748BEED92F5AC7210 /* Release */ = {
			isa = XCBuildConfiguration;
			buildSettings = {
				DEFINES_MODULE = YES;
				INFOPLIST_FILE = "Info/$(PRODUCT_NAME).plist";
				IPHONEOS_DEPLOYMENT_TARGET = 10.1;
				LD_RUNPATH_SEARCH_PATHS = "$(inherited) @executable_path/Frameworks";
				PRODUCT_BUNDLE_IDENTIFIER = "$(_COMPANY_IDENTIFIER).$(PRODUCT_NAME)";
				PRODUCT_NAME = "$(_PROJECT_TITLE)";
				SDKROOT = iphoneos;
				SKIP_INSTALL = YES;
			};
			name = Release;
		};
/* End XCBuildConfiguration section */

/* Begin XCConfigurationList section */
		83CFD0BEE51D61E345F5526E /* Build configuration list for PBXNativeTarget "MKHRequirementTst" */ = {
			isa = XCConfigurationList;
			buildConfigurations = (
				6A3DE36478C3948B88074906 /* Debug */,
				A88815199FD62F4BCB543B62 /* Release */,
			);
			defaultConfigurationIsVisible = 0;
			defaultConfigurationName = Release;
		};
		A615C39C2719D2296B37B88D /* Build configuration list for PBXNativeTarget "MKHRequirement" */ = {
			isa = XCConfigurationList;
			buildConfigurations = (
				27F561596397F7400EDA1B17 /* Debug */,
				AEA4A4A748BEED92F5AC7210 /* Release */,
			);
			defaultConfigurationIsVisible = 0;
			defaultConfigurationName = Release;
		};
		D64B20AC8B0EBFD58E15290A /* Build configuration list for PBXProject "mkhrequirement" */ = {
			isa = XCConfigurationList;
			buildConfigurations = (
				5DBF787FC04691584F4B23F3 /* Debug */,
				6EE9E8ABB8333D4D90EA196C /* Release */,
			);
			defaultConfigurationIsVisible = 0;
			defaultConfigurationName = Debug;
		};
/* End XCConfigurationList section */
	};
	rootObject = 627C711E8E2BAC11076EFD77 /* Project object */;
}
