// !$*UTF8*$!
{
	archiveVersion = 1;
	classes = {
	};
	objectVersion = 46;
	objects = {

/* Begin PBXBuildFile section */
		17BDAADCA7D37E6346CB1934 /* Typealiases.swift in Sources */ = {isa = PBXBuildFile; fileRef = EAD1A357A8E1A627C5BF1524 /* Typealiases.swift */; };
		214AD8D899CA6796050CE1F5 /* UIKit.framework in Frameworks */ = {isa = PBXBuildFile; fileRef = 08D3313135BACE6C15946707 /* UIKit.framework */; };
		2BF183285BACEB510EA4222A /* Main.swift in Sources */ = {isa = PBXBuildFile; fileRef = 2FDFDA36A18BA20A1E119E04 /* Main.swift */; };
		2D9A70FDBE775653804BADC8 /* Errors.swift in Sources */ = {isa = PBXBuildFile; fileRef = 3BFF9C44F28CE8C8068E6680 /* Errors.swift */; };
		4B96C2262023DDFD5BB6D1AE /* Extra.swift in Sources */ = {isa = PBXBuildFile; fileRef = 97F8C23D3519FFF50AC63AB9 /* Extra.swift */; };
		6BE62134BDF2AB77ADCF85D3 /* UIKit.framework in Frameworks */ = {isa = PBXBuildFile; fileRef = 08D3313135BACE6C15946707 /* UIKit.framework */; };
		8FA744CBEB87D0323FB3F7E1 /* Requirement.swift in Sources */ = {isa = PBXBuildFile; fileRef = 72404D65EB6141E59DE32548 /* Requirement.swift */; };
		A7374B0C36DB9B6055B5A95A /* Foundation.framework in Frameworks */ = {isa = PBXBuildFile; fileRef = E88396346C933D6C2731A031 /* Foundation.framework */; };
		C8616340353A069B79F98519 /* Foundation.framework in Frameworks */ = {isa = PBXBuildFile; fileRef = E88396346C933D6C2731A031 /* Foundation.framework */; };
/* End PBXBuildFile section */

/* Begin PBXCopyFilesBuildPhase section */
		DB0EC1FBEDE863032721C790 /* Embed Frameworks */ = {
			isa = PBXCopyFilesBuildPhase;
			buildActionMask = 2147483647;
			dstPath = "";
			dstSubfolderSpec = 10;
			files = (
			);
			name = "Embed Frameworks";
			runOnlyForDeploymentPostprocessing = 0;
		};
		E355DC9424EB89A328AECCFE /* Embed Frameworks */ = {
			isa = PBXCopyFilesBuildPhase;
			buildActionMask = 2147483647;
			dstPath = "";
			dstSubfolderSpec = 10;
			files = (
			);
			name = "Embed Frameworks";
			runOnlyForDeploymentPostprocessing = 0;
		};
/* End PBXCopyFilesBuildPhase section */

/* Begin PBXFileReference section */
		08D3313135BACE6C15946707 /* UIKit.framework */ = {isa = PBXFileReference; lastKnownFileType = wrapper.framework; name = UIKit.framework; path = Platforms/iPhoneOS.platform/Developer/SDKs/iPhoneOS10.0.sdk/System/Library/Frameworks/UIKit.framework; sourceTree = DEVELOPER_DIR; };
		25E39BE909FDDDF2F0A24B2F /* MKHRequirementTst.xctest */ = {isa = PBXFileReference; explicitFileType = wrapper.cfbundle; includeInIndex = 0; path = MKHRequirementTst.xctest; sourceTree = BUILT_PRODUCTS_DIR; };
		2FDFDA36A18BA20A1E119E04 /* Main.swift */ = {isa = PBXFileReference; includeInIndex = 1; lastKnownFileType = sourcecode.swift; path = Main.swift; sourceTree = "<group>"; };
		3BFF9C44F28CE8C8068E6680 /* Errors.swift */ = {isa = PBXFileReference; includeInIndex = 1; lastKnownFileType = sourcecode.swift; path = Errors.swift; sourceTree = "<group>"; };
		72404D65EB6141E59DE32548 /* Requirement.swift */ = {isa = PBXFileReference; includeInIndex = 1; lastKnownFileType = sourcecode.swift; path = Requirement.swift; sourceTree = "<group>"; };
		90B839DBE3E48CF38B3347F8 /* MKHRequirement.framework */ = {isa = PBXFileReference; explicitFileType = wrapper.framework; includeInIndex = 0; path = MKHRequirement.framework; sourceTree = BUILT_PRODUCTS_DIR; };
		97F8C23D3519FFF50AC63AB9 /* Extra.swift */ = {isa = PBXFileReference; includeInIndex = 1; lastKnownFileType = sourcecode.swift; path = Extra.swift; sourceTree = "<group>"; };
		E88396346C933D6C2731A031 /* Foundation.framework */ = {isa = PBXFileReference; lastKnownFileType = wrapper.framework; name = Foundation.framework; path = Platforms/iPhoneOS.platform/Developer/SDKs/iPhoneOS10.0.sdk/System/Library/Frameworks/Foundation.framework; sourceTree = DEVELOPER_DIR; };
		EAD1A357A8E1A627C5BF1524 /* Typealiases.swift */ = {isa = PBXFileReference; includeInIndex = 1; lastKnownFileType = sourcecode.swift; path = Typealiases.swift; sourceTree = "<group>"; };
/* End PBXFileReference section */

/* Begin PBXFrameworksBuildPhase section */
		113851935925526323F0AB45 /* Frameworks */ = {
			isa = PBXFrameworksBuildPhase;
			buildActionMask = 2147483647;
			files = (
				C8616340353A069B79F98519 /* Foundation.framework in Frameworks */,
				214AD8D899CA6796050CE1F5 /* UIKit.framework in Frameworks */,
			);
			runOnlyForDeploymentPostprocessing = 0;
		};
		7DD46B47E8E292551CCF4E56 /* Frameworks */ = {
			isa = PBXFrameworksBuildPhase;
			buildActionMask = 2147483647;
			files = (
				A7374B0C36DB9B6055B5A95A /* Foundation.framework in Frameworks */,
				6BE62134BDF2AB77ADCF85D3 /* UIKit.framework in Frameworks */,
			);
			runOnlyForDeploymentPostprocessing = 0;
		};
/* End PBXFrameworksBuildPhase section */

/* Begin PBXGroup section */
		109C81AF82E9B00F63D72A46 /* Frameworks */ = {
			isa = PBXGroup;
			children = (
				54E3B880A23CCE7F9DF5742E /* iOS */,
				89BD8E5CF49B8A14D3887541 /* $subproj */,
				6D4E29A1872C01952412B8F4 /* $local */,
			);
			name = Frameworks;
			sourceTree = "<group>";
		};
		21E7DBEF4886C2F5F1DEE216 = {
			isa = PBXGroup;
			children = (
				31CB43CE6B12F64540CEFD4C /* Products */,
				109C81AF82E9B00F63D72A46 /* Frameworks */,
				3D6EF6C5020EA16E508304BA /* Src */,
				767F24543F11FDF404E7D607 /* Tst */,
			);
			sourceTree = "<group>";
		};
		31CB43CE6B12F64540CEFD4C /* Products */ = {
			isa = PBXGroup;
			children = (
				90B839DBE3E48CF38B3347F8 /* MKHRequirement.framework */,
				25E39BE909FDDDF2F0A24B2F /* MKHRequirementTst.xctest */,
			);
			name = Products;
			sourceTree = "<group>";
		};
		3D6EF6C5020EA16E508304BA /* Src */ = {
			isa = PBXGroup;
			children = (
				3BFF9C44F28CE8C8068E6680 /* Errors.swift */,
				97F8C23D3519FFF50AC63AB9 /* Extra.swift */,
				72404D65EB6141E59DE32548 /* Requirement.swift */,
				EAD1A357A8E1A627C5BF1524 /* Typealiases.swift */,
			);
			name = Src;
			path = Src;
			sourceTree = SOURCE_ROOT;
		};
		54E3B880A23CCE7F9DF5742E /* iOS */ = {
			isa = PBXGroup;
			children = (
				E88396346C933D6C2731A031 /* Foundation.framework */,
				08D3313135BACE6C15946707 /* UIKit.framework */,
			);
			name = iOS;
			sourceTree = "<group>";
		};
		6D4E29A1872C01952412B8F4 /* $local */ = {
			isa = PBXGroup;
			children = (
			);
			name = "$local";
			sourceTree = "<group>";
		};
		767F24543F11FDF404E7D607 /* Tst */ = {
			isa = PBXGroup;
			children = (
				2FDFDA36A18BA20A1E119E04 /* Main.swift */,
			);
			name = Tst;
			path = Tst;
			sourceTree = SOURCE_ROOT;
		};
		89BD8E5CF49B8A14D3887541 /* $subproj */ = {
			isa = PBXGroup;
			children = (
			);
			name = "$subproj";
			sourceTree = "<group>";
		};
/* End PBXGroup section */

/* Begin PBXNativeTarget section */
		13BE33AAB3043FD624AEBC0C /* MKHRequirementTst */ = {
			isa = PBXNativeTarget;
			buildConfigurationList = AF3BFE83B3DF88AAEE1E65BE /* Build configuration list for PBXNativeTarget "MKHRequirementTst" */;
			buildPhases = (
				21B6532361BC9AB7D58232A9 /* Sources */,
				7DD46B47E8E292551CCF4E56 /* Frameworks */,
				E355DC9424EB89A328AECCFE /* Embed Frameworks */,
			);
			buildRules = (
			);
			dependencies = (
			);
			name = MKHRequirementTst;
			productName = MKHRequirementTst;
			productReference = 25E39BE909FDDDF2F0A24B2F /* MKHRequirementTst.xctest */;
			productType = "com.apple.product-type.bundle.unit-test";
		};
		71699A530CE01C321769F8BA /* MKHRequirement */ = {
			isa = PBXNativeTarget;
			buildConfigurationList = F68CD5EA9657D2239CEAE511 /* Build configuration list for PBXNativeTarget "MKHRequirement" */;
			buildPhases = (
				9524648DBD8F94522038E48A /* Sources */,
				113851935925526323F0AB45 /* Frameworks */,
				DB0EC1FBEDE863032721C790 /* Embed Frameworks */,
			);
			buildRules = (
			);
			dependencies = (
			);
			name = MKHRequirement;
			productName = MKHRequirement;
			productReference = 90B839DBE3E48CF38B3347F8 /* MKHRequirement.framework */;
			productType = "com.apple.product-type.framework";
		};
/* End PBXNativeTarget section */

/* Begin PBXProject section */
		F9C7F5DA7003A0D667B15317 /* Project object */ = {
			isa = PBXProject;
			attributes = {
				LastSwiftUpdateCheck = 0730;
				LastUpgradeCheck = 0700;
			};
			buildConfigurationList = E77727DA158DEFCE946E470A /* Build configuration list for PBXProject "mkhrequirement" */;
			compatibilityVersion = "Xcode 3.2";
			developmentRegion = English;
			hasScannedForEncodings = 0;
			knownRegions = (
				en,
			);
			mainGroup = 21E7DBEF4886C2F5F1DEE216;
			productRefGroup = 31CB43CE6B12F64540CEFD4C /* Products */;
			projectDirPath = "";
			projectRoot = "";
			targets = (
				71699A530CE01C321769F8BA /* MKHRequirement */,
				13BE33AAB3043FD624AEBC0C /* MKHRequirementTst */,
			);
		};
/* End PBXProject section */

/* Begin PBXSourcesBuildPhase section */
		21B6532361BC9AB7D58232A9 /* Sources */ = {
			isa = PBXSourcesBuildPhase;
			buildActionMask = 2147483647;
			files = (
				2BF183285BACEB510EA4222A /* Main.swift in Sources */,
			);
			runOnlyForDeploymentPostprocessing = 0;
		};
		9524648DBD8F94522038E48A /* Sources */ = {
			isa = PBXSourcesBuildPhase;
			buildActionMask = 2147483647;
			files = (
				2D9A70FDBE775653804BADC8 /* Errors.swift in Sources */,
				4B96C2262023DDFD5BB6D1AE /* Extra.swift in Sources */,
				8FA744CBEB87D0323FB3F7E1 /* Requirement.swift in Sources */,
				17BDAADCA7D37E6346CB1934 /* Typealiases.swift in Sources */,
			);
			runOnlyForDeploymentPostprocessing = 0;
		};
/* End PBXSourcesBuildPhase section */

/* Begin XCBuildConfiguration section */
		7F3CBBE864359CAC2276E08F /* Debug */ = {
			isa = XCBuildConfiguration;
			buildSettings = {
				ALWAYS_EMBED_SWIFT_STANDARD_LIBRARIES = YES;
				BUNDLE_LOADER = "$(TEST_HOST)";
				INFOPLIST_FILE = "Info/$(PRODUCT_NAME).plist";
				IPHONEOS_DEPLOYMENT_TARGET = 10.1;
				LD_RUNPATH_SEARCH_PATHS = "$(inherited) @executable_path/Frameworks @loader_path/Frameworks";
				PRODUCT_BUNDLE_IDENTIFIER = "$(_COMPANY_IDENTIFIER).$(PRODUCT_NAME)";
				PRODUCT_NAME = "$(_PROJECT_TITLE)$(_TESTS_SUFFIX)";
				SDKROOT = iphoneos;
				SWIFT_OPTIMIZATION_LEVEL = "-Onone";
				SWIFT_VERSION = 3.0;
			};
			name = Debug;
		};
		8F553BE02693AFB67E6FAE2C /* Release */ = {
			isa = XCBuildConfiguration;
			buildSettings = {
				ALWAYS_SEARCH_USER_PATHS = NO;
				CLANG_ANALYZER_NONNULL = YES;
				CLANG_CXX_LANGUAGE_STANDARD = "gnu++0x";
				CLANG_CXX_LIBRARY = "libc++";
				CLANG_ENABLE_MODULES = YES;
				CLANG_ENABLE_OBJC_ARC = YES;
				CLANG_WARN_BOOL_CONVERSION = YES;
				CLANG_WARN_CONSTANT_CONVERSION = YES;
				CLANG_WARN_DIRECT_OBJC_ISA_USAGE = YES_ERROR;
				CLANG_WARN_DOCUMENTATION_COMMENTS = YES;
				CLANG_WARN_EMPTY_BODY = YES;
				CLANG_WARN_ENUM_CONVERSION = YES;
				CLANG_WARN_INFINITE_RECURSION = YES;
				CLANG_WARN_INT_CONVERSION = YES;
				CLANG_WARN_OBJC_ROOT_CLASS = YES_ERROR;
				CLANG_WARN_SUSPICIOUS_MOVE = YES;
				CLANG_WARN_SUSPICIOUS_MOVES = YES;
				CLANG_WARN_UNREACHABLE_CODE = YES;
				CLANG_WARN__DUPLICATE_METHOD_MATCH = YES;
				CODE_SIGN_IDENTITY = "-";
				"CODE_SIGN_IDENTITY[sdk=iphoneos*]" = "iPhone Developer";
				COPY_PHASE_STRIP = NO;
				DEBUG_INFORMATION_FORMAT = "dwarf-with-dsym";
				DEVELOPMENT_TEAM = UJA88X59XP;
				ENABLE_NS_ASSERTIONS = NO;
				ENABLE_STRICT_OBJC_MSGSEND = YES;
				GCC_C_LANGUAGE_STANDARD = gnu99;
				GCC_NO_COMMON_BLOCKS = YES;
				GCC_WARN_64_TO_32_BIT_CONVERSION = YES;
				GCC_WARN_ABOUT_RETURN_TYPE = YES_ERROR;
				GCC_WARN_UNDECLARED_SELECTOR = YES;
				GCC_WARN_UNINITIALIZED_AUTOS = YES_AGGRESSIVE;
				GCC_WARN_UNUSED_FUNCTION = YES;
				GCC_WARN_UNUSED_VARIABLE = YES;
				IPHONEOS_DEPLOYMENT_TARGET = 10.1;
				MTL_ENABLE_DEBUG_INFO = NO;
				SDKROOT = iphoneos;
				SWIFT_OPTIMIZATION_LEVEL = "-Owholemodule";
				SWIFT_VERSION = 3.0;
				TARGETED_DEVICE_FAMILY = "1,2";
				VALIDATE_PRODUCT = YES;
				VERSIONING_SYSTEM = "apple-generic";
				_COMPANY_IDENTIFIER = khatskevich.maxim;
				_PROJECT_TITLE = MKHRequirement;
				_TESTS_SUFFIX = Tst;
			};
			name = Release;
		};
		9207E23BBAA8FD155F90E755 /* Release */ = {
			isa = XCBuildConfiguration;
			buildSettings = {
				ALWAYS_EMBED_SWIFT_STANDARD_LIBRARIES = YES;
				BUNDLE_LOADER = "$(TEST_HOST)";
				INFOPLIST_FILE = "Info/$(PRODUCT_NAME).plist";
				IPHONEOS_DEPLOYMENT_TARGET = 10.1;
				LD_RUNPATH_SEARCH_PATHS = "$(inherited) @executable_path/Frameworks @loader_path/Frameworks";
				PRODUCT_BUNDLE_IDENTIFIER = "$(_COMPANY_IDENTIFIER).$(PRODUCT_NAME)";
				PRODUCT_NAME = "$(_PROJECT_TITLE)$(_TESTS_SUFFIX)";
				SDKROOT = iphoneos;
				SWIFT_VERSION = 3.0;
			};
			name = Release;
		};
		95DECD31AE2A5EABE97B7526 /* Debug */ = {
			isa = XCBuildConfiguration;
			buildSettings = {
				ALWAYS_SEARCH_USER_PATHS = NO;
				CLANG_ANALYZER_NONNULL = YES;
				CLANG_CXX_LANGUAGE_STANDARD = "gnu++0x";
				CLANG_CXX_LIBRARY = "libc++";
				CLANG_ENABLE_MODULES = YES;
				CLANG_ENABLE_OBJC_ARC = YES;
				CLANG_WARN_BOOL_CONVERSION = YES;
				CLANG_WARN_CONSTANT_CONVERSION = YES;
				CLANG_WARN_DIRECT_OBJC_ISA_USAGE = YES_ERROR;
				CLANG_WARN_DOCUMENTATION_COMMENTS = YES;
				CLANG_WARN_EMPTY_BODY = YES;
				CLANG_WARN_ENUM_CONVERSION = YES;
				CLANG_WARN_INFINITE_RECURSION = YES;
				CLANG_WARN_INT_CONVERSION = YES;
				CLANG_WARN_OBJC_ROOT_CLASS = YES_ERROR;
				CLANG_WARN_SUSPICIOUS_MOVE = YES;
				CLANG_WARN_SUSPICIOUS_MOVES = YES;
				CLANG_WARN_UNREACHABLE_CODE = YES;
				CLANG_WARN__DUPLICATE_METHOD_MATCH = YES;
				CODE_SIGN_IDENTITY = "-";
				"CODE_SIGN_IDENTITY[sdk=iphoneos*]" = "iPhone Developer";
				COPY_PHASE_STRIP = NO;
				DEBUG_INFORMATION_FORMAT = dwarf;
				DEVELOPMENT_TEAM = UJA88X59XP;
				ENABLE_STRICT_OBJC_MSGSEND = YES;
				ENABLE_TESTABILITY = YES;
				GCC_C_LANGUAGE_STANDARD = gnu99;
				GCC_DYNAMIC_NO_PIC = NO;
				GCC_NO_COMMON_BLOCKS = YES;
				GCC_OPTIMIZATION_LEVEL = 0;
				GCC_PREPROCESSOR_DEFINITIONS = (
					"DEBUG=1",
					"$(inherited)",
				);
				GCC_WARN_64_TO_32_BIT_CONVERSION = YES;
				GCC_WARN_ABOUT_RETURN_TYPE = YES_ERROR;
				GCC_WARN_UNDECLARED_SELECTOR = YES;
				GCC_WARN_UNINITIALIZED_AUTOS = YES_AGGRESSIVE;
				GCC_WARN_UNUSED_FUNCTION = YES;
				GCC_WARN_UNUSED_VARIABLE = YES;
				IPHONEOS_DEPLOYMENT_TARGET = 10.1;
				MTL_ENABLE_DEBUG_INFO = YES;
				ONLY_ACTIVE_ARCH = YES;
				SDKROOT = iphoneos;
				SWIFT_ACTIVE_COMPILATION_CONDITIONS = DEBUG;
				SWIFT_OPTIMIZATION_LEVEL = "-Onone";
				SWIFT_VERSION = 3.0;
				TARGETED_DEVICE_FAMILY = "1,2";
				VERSIONING_SYSTEM = "apple-generic";
				_COMPANY_IDENTIFIER = khatskevich.maxim;
				_PROJECT_TITLE = MKHRequirement;
				_TESTS_SUFFIX = Tst;
			};
			name = Debug;
		};
		C7AB152AA356817DFE8AD7AE /* Release */ = {
			isa = XCBuildConfiguration;
			buildSettings = {
				DEFINES_MODULE = YES;
				INFOPLIST_FILE = "Info/$(PRODUCT_NAME).plist";
				IPHONEOS_DEPLOYMENT_TARGET = 10.1;
				LD_RUNPATH_SEARCH_PATHS = "$(inherited) @executable_path/Frameworks";
				PRODUCT_BUNDLE_IDENTIFIER = "$(_COMPANY_IDENTIFIER).$(PRODUCT_NAME)";
				PRODUCT_NAME = "$(_PROJECT_TITLE)";
				SDKROOT = iphoneos;
				SKIP_INSTALL = YES;
			};
			name = Release;
		};
		FFA38C6F9561FA0DF98571D3 /* Debug */ = {
			isa = XCBuildConfiguration;
			buildSettings = {
				DEFINES_MODULE = YES;
				INFOPLIST_FILE = "Info/$(PRODUCT_NAME).plist";
				IPHONEOS_DEPLOYMENT_TARGET = 10.1;
				LD_RUNPATH_SEARCH_PATHS = "$(inherited) @executable_path/Frameworks";
				PRODUCT_BUNDLE_IDENTIFIER = "$(_COMPANY_IDENTIFIER).$(PRODUCT_NAME)";
				PRODUCT_NAME = "$(_PROJECT_TITLE)";
				SDKROOT = iphoneos;
				SKIP_INSTALL = YES;
				SWIFT_OPTIMIZATION_LEVEL = "-Onone";
			};
			name = Debug;
		};
/* End XCBuildConfiguration section */

/* Begin XCConfigurationList section */
		AF3BFE83B3DF88AAEE1E65BE /* Build configuration list for PBXNativeTarget "MKHRequirementTst" */ = {
			isa = XCConfigurationList;
			buildConfigurations = (
				7F3CBBE864359CAC2276E08F /* Debug */,
				9207E23BBAA8FD155F90E755 /* Release */,
			);
			defaultConfigurationIsVisible = 0;
			defaultConfigurationName = Release;
		};
		E77727DA158DEFCE946E470A /* Build configuration list for PBXProject "mkhrequirement" */ = {
			isa = XCConfigurationList;
			buildConfigurations = (
				95DECD31AE2A5EABE97B7526 /* Debug */,
				8F553BE02693AFB67E6FAE2C /* Release */,
			);
			defaultConfigurationIsVisible = 0;
			defaultConfigurationName = Debug;
		};
		F68CD5EA9657D2239CEAE511 /* Build configuration list for PBXNativeTarget "MKHRequirement" */ = {
			isa = XCConfigurationList;
			buildConfigurations = (
				FFA38C6F9561FA0DF98571D3 /* Debug */,
				C7AB152AA356817DFE8AD7AE /* Release */,
			);
			defaultConfigurationIsVisible = 0;
			defaultConfigurationName = Release;
		};
/* End XCConfigurationList section */
	};
	rootObject = F9C7F5DA7003A0D667B15317 /* Project object */;
}
